// !$*UTF8*$!
{
	archiveVersion = 1;
	classes = {
	};
	objectVersion = 46;
	objects = {

/* Begin PBXBuildFile section */
		2B024DE717C89638006F0355 /* LBAudioDetective.m in Sources */ = {isa = PBXBuildFile; fileRef = 2BA183E31724584C004CB1BC /* LBAudioDetective.m */; };
		2B024DE917C8965C006F0355 /* Images.xcassets in Resources */ = {isa = PBXBuildFile; fileRef = 2B024DE817C8965C006F0355 /* Images.xcassets */; };
		2B3DFF4417CE620B00EC4032 /* LBAudioDetectiveFrame.m in Sources */ = {isa = PBXBuildFile; fileRef = 2B3DFF4317CE620B00EC4032 /* LBAudioDetectiveFrame.m */; };
		2B494BDD172806A500FFB6FC /* Accelerate.framework in Frameworks */ = {isa = PBXBuildFile; fileRef = 2B494BDC172806A500FFB6FC /* Accelerate.framework */; };
		2B5A8DDF17E4B982004D5D08 /* LBAudioDetectiveFrame.m in Sources */ = {isa = PBXBuildFile; fileRef = 2B3DFF4317CE620B00EC4032 /* LBAudioDetectiveFrame.m */; };
		2B71722718041A7A006969E3 /* Amsel.caf in Resources */ = {isa = PBXBuildFile; fileRef = 2B7171FB18041A79006969E3 /* Amsel.caf */; };
		2B71722818041A7A006969E3 /* Amsel.caf in Resources */ = {isa = PBXBuildFile; fileRef = 2B7171FB18041A79006969E3 /* Amsel.caf */; };
		2B71722918041A7A006969E3 /* Blaumeise.caf in Resources */ = {isa = PBXBuildFile; fileRef = 2B7171FC18041A79006969E3 /* Blaumeise.caf */; };
		2B71722A18041A7A006969E3 /* Blaumeise.caf in Resources */ = {isa = PBXBuildFile; fileRef = 2B7171FC18041A79006969E3 /* Blaumeise.caf */; };
		2B71722B18041A7A006969E3 /* Buchfink.caf in Resources */ = {isa = PBXBuildFile; fileRef = 2B7171FD18041A79006969E3 /* Buchfink.caf */; };
		2B71722C18041A7A006969E3 /* Buchfink.caf in Resources */ = {isa = PBXBuildFile; fileRef = 2B7171FD18041A79006969E3 /* Buchfink.caf */; };
		2B71722D18041A7A006969E3 /* Haussperling.caf in Resources */ = {isa = PBXBuildFile; fileRef = 2B7171FE18041A79006969E3 /* Haussperling.caf */; };
		2B71722E18041A7A006969E3 /* Haussperling.caf in Resources */ = {isa = PBXBuildFile; fileRef = 2B7171FE18041A79006969E3 /* Haussperling.caf */; };
		2B71722F18041A7A006969E3 /* Kohlmeise.caf in Resources */ = {isa = PBXBuildFile; fileRef = 2B7171FF18041A79006969E3 /* Kohlmeise.caf */; };
		2B71723018041A7A006969E3 /* Kohlmeise.caf in Resources */ = {isa = PBXBuildFile; fileRef = 2B7171FF18041A79006969E3 /* Kohlmeise.caf */; };
		2B71723118041A7A006969E3 /* Rabenkraehe.caf in Resources */ = {isa = PBXBuildFile; fileRef = 2B71720018041A79006969E3 /* Rabenkraehe.caf */; };
		2B71723218041A7A006969E3 /* Rabenkraehe.caf in Resources */ = {isa = PBXBuildFile; fileRef = 2B71720018041A79006969E3 /* Rabenkraehe.caf */; };
		2B71723318041A7A006969E3 /* Strassentaube.caf in Resources */ = {isa = PBXBuildFile; fileRef = 2B71720118041A79006969E3 /* Strassentaube.caf */; };
		2B71723418041A7A006969E3 /* Strassentaube.caf in Resources */ = {isa = PBXBuildFile; fileRef = 2B71720118041A79006969E3 /* Strassentaube.caf */; };
		2B71723518041A7A006969E3 /* Turmfalke.caf in Resources */ = {isa = PBXBuildFile; fileRef = 2B71720218041A79006969E3 /* Turmfalke.caf */; };
		2B71723618041A7A006969E3 /* Turmfalke.caf in Resources */ = {isa = PBXBuildFile; fileRef = 2B71720218041A79006969E3 /* Turmfalke.caf */; };
		2B71723718041A7A006969E3 /* Zaunkoenig.caf in Resources */ = {isa = PBXBuildFile; fileRef = 2B71720318041A79006969E3 /* Zaunkoenig.caf */; };
		2B71723818041A7A006969E3 /* Zaunkoenig.caf in Resources */ = {isa = PBXBuildFile; fileRef = 2B71720318041A79006969E3 /* Zaunkoenig.caf */; };
		2B71723918041A7A006969E3 /* Zilpzalp.caf in Resources */ = {isa = PBXBuildFile; fileRef = 2B71720418041A79006969E3 /* Zilpzalp.caf */; };
		2B71723A18041A7A006969E3 /* Zilpzalp.caf in Resources */ = {isa = PBXBuildFile; fileRef = 2B71720418041A79006969E3 /* Zilpzalp.caf */; };
		2B71723B18041A7A006969E3 /* Amsel_dif.caf in Resources */ = {isa = PBXBuildFile; fileRef = 2B71720718041A79006969E3 /* Amsel_dif.caf */; };
		2B71723C18041A7A006969E3 /* Amsel_dif.caf in Resources */ = {isa = PBXBuildFile; fileRef = 2B71720718041A79006969E3 /* Amsel_dif.caf */; };
		2B71723D18041A7A006969E3 /* Blaumeise_dif.caf in Resources */ = {isa = PBXBuildFile; fileRef = 2B71720818041A79006969E3 /* Blaumeise_dif.caf */; };
		2B71723E18041A7A006969E3 /* Blaumeise_dif.caf in Resources */ = {isa = PBXBuildFile; fileRef = 2B71720818041A79006969E3 /* Blaumeise_dif.caf */; };
		2B71723F18041A7A006969E3 /* Buchfink_dif.caf in Resources */ = {isa = PBXBuildFile; fileRef = 2B71720918041A79006969E3 /* Buchfink_dif.caf */; };
		2B71724018041A7A006969E3 /* Buchfink_dif.caf in Resources */ = {isa = PBXBuildFile; fileRef = 2B71720918041A79006969E3 /* Buchfink_dif.caf */; };
		2B71724118041A7A006969E3 /* Haussperling_dif.caf in Resources */ = {isa = PBXBuildFile; fileRef = 2B71720A18041A79006969E3 /* Haussperling_dif.caf */; };
		2B71724218041A7A006969E3 /* Haussperling_dif.caf in Resources */ = {isa = PBXBuildFile; fileRef = 2B71720A18041A79006969E3 /* Haussperling_dif.caf */; };
		2B71724318041A7A006969E3 /* Kohlmeise_dif.caf in Resources */ = {isa = PBXBuildFile; fileRef = 2B71720B18041A79006969E3 /* Kohlmeise_dif.caf */; };
		2B71724418041A7A006969E3 /* Kohlmeise_dif.caf in Resources */ = {isa = PBXBuildFile; fileRef = 2B71720B18041A79006969E3 /* Kohlmeise_dif.caf */; };
		2B71724518041A7A006969E3 /* Rabenkraehe_dif.caf in Resources */ = {isa = PBXBuildFile; fileRef = 2B71720C18041A79006969E3 /* Rabenkraehe_dif.caf */; };
		2B71724618041A7A006969E3 /* Rabenkraehe_dif.caf in Resources */ = {isa = PBXBuildFile; fileRef = 2B71720C18041A79006969E3 /* Rabenkraehe_dif.caf */; };
		2B71724718041A7A006969E3 /* Strassentaube_dif.caf in Resources */ = {isa = PBXBuildFile; fileRef = 2B71720D18041A79006969E3 /* Strassentaube_dif.caf */; };
		2B71724818041A7A006969E3 /* Strassentaube_dif.caf in Resources */ = {isa = PBXBuildFile; fileRef = 2B71720D18041A79006969E3 /* Strassentaube_dif.caf */; };
		2B71724918041A7A006969E3 /* Turmfalke_dif.caf in Resources */ = {isa = PBXBuildFile; fileRef = 2B71720E18041A79006969E3 /* Turmfalke_dif.caf */; };
		2B71724A18041A7A006969E3 /* Turmfalke_dif.caf in Resources */ = {isa = PBXBuildFile; fileRef = 2B71720E18041A79006969E3 /* Turmfalke_dif.caf */; };
		2B71724B18041A7A006969E3 /* Zaunkoenig_dif.caf in Resources */ = {isa = PBXBuildFile; fileRef = 2B71720F18041A7A006969E3 /* Zaunkoenig_dif.caf */; };
		2B71724C18041A7A006969E3 /* Zaunkoenig_dif.caf in Resources */ = {isa = PBXBuildFile; fileRef = 2B71720F18041A7A006969E3 /* Zaunkoenig_dif.caf */; };
		2B71724D18041A7A006969E3 /* Zilpzalp_dif.caf in Resources */ = {isa = PBXBuildFile; fileRef = 2B71721018041A7A006969E3 /* Zilpzalp_dif.caf */; };
		2B71724E18041A7A006969E3 /* Zilpzalp_dif.caf in Resources */ = {isa = PBXBuildFile; fileRef = 2B71721018041A7A006969E3 /* Zilpzalp_dif.caf */; };
		2B71724F18041A7A006969E3 /* Amsel_eql.caf in Resources */ = {isa = PBXBuildFile; fileRef = 2B71721218041A7A006969E3 /* Amsel_eql.caf */; };
		2B71725018041A7A006969E3 /* Amsel_eql.caf in Resources */ = {isa = PBXBuildFile; fileRef = 2B71721218041A7A006969E3 /* Amsel_eql.caf */; };
		2B71725118041A7A006969E3 /* Blaumeise_eql.caf in Resources */ = {isa = PBXBuildFile; fileRef = 2B71721318041A7A006969E3 /* Blaumeise_eql.caf */; };
		2B71725218041A7A006969E3 /* Blaumeise_eql.caf in Resources */ = {isa = PBXBuildFile; fileRef = 2B71721318041A7A006969E3 /* Blaumeise_eql.caf */; };
		2B71725318041A7A006969E3 /* Buchfink_eql.caf in Resources */ = {isa = PBXBuildFile; fileRef = 2B71721418041A7A006969E3 /* Buchfink_eql.caf */; };
		2B71725418041A7A006969E3 /* Buchfink_eql.caf in Resources */ = {isa = PBXBuildFile; fileRef = 2B71721418041A7A006969E3 /* Buchfink_eql.caf */; };
		2B71725518041A7A006969E3 /* Haussperling_eql.caf in Resources */ = {isa = PBXBuildFile; fileRef = 2B71721518041A7A006969E3 /* Haussperling_eql.caf */; };
		2B71725618041A7A006969E3 /* Haussperling_eql.caf in Resources */ = {isa = PBXBuildFile; fileRef = 2B71721518041A7A006969E3 /* Haussperling_eql.caf */; };
		2B71725718041A7A006969E3 /* Kohlmeise_eql.caf in Resources */ = {isa = PBXBuildFile; fileRef = 2B71721618041A7A006969E3 /* Kohlmeise_eql.caf */; };
		2B71725818041A7A006969E3 /* Kohlmeise_eql.caf in Resources */ = {isa = PBXBuildFile; fileRef = 2B71721618041A7A006969E3 /* Kohlmeise_eql.caf */; };
		2B71725918041A7A006969E3 /* Rabenkraehe_eql.caf in Resources */ = {isa = PBXBuildFile; fileRef = 2B71721718041A7A006969E3 /* Rabenkraehe_eql.caf */; };
		2B71725A18041A7A006969E3 /* Rabenkraehe_eql.caf in Resources */ = {isa = PBXBuildFile; fileRef = 2B71721718041A7A006969E3 /* Rabenkraehe_eql.caf */; };
		2B71725B18041A7A006969E3 /* Strassentaube_eql.caf in Resources */ = {isa = PBXBuildFile; fileRef = 2B71721818041A7A006969E3 /* Strassentaube_eql.caf */; };
		2B71725C18041A7A006969E3 /* Strassentaube_eql.caf in Resources */ = {isa = PBXBuildFile; fileRef = 2B71721818041A7A006969E3 /* Strassentaube_eql.caf */; };
		2B71725D18041A7A006969E3 /* Turmfalke_eql.caf in Resources */ = {isa = PBXBuildFile; fileRef = 2B71721918041A7A006969E3 /* Turmfalke_eql.caf */; };
		2B71725E18041A7A006969E3 /* Turmfalke_eql.caf in Resources */ = {isa = PBXBuildFile; fileRef = 2B71721918041A7A006969E3 /* Turmfalke_eql.caf */; };
		2B71725F18041A7A006969E3 /* Zaunkoenig_eql.caf in Resources */ = {isa = PBXBuildFile; fileRef = 2B71721A18041A7A006969E3 /* Zaunkoenig_eql.caf */; };
		2B71726018041A7A006969E3 /* Zaunkoenig_eql.caf in Resources */ = {isa = PBXBuildFile; fileRef = 2B71721A18041A7A006969E3 /* Zaunkoenig_eql.caf */; };
		2B71726118041A7A006969E3 /* Zilpzalp_eql.caf in Resources */ = {isa = PBXBuildFile; fileRef = 2B71721B18041A7A006969E3 /* Zilpzalp_eql.caf */; };
		2B71726218041A7A006969E3 /* Zilpzalp_eql.caf in Resources */ = {isa = PBXBuildFile; fileRef = 2B71721B18041A7A006969E3 /* Zilpzalp_eql.caf */; };
		2B71726318041A7A006969E3 /* Amsel_rec.caf in Resources */ = {isa = PBXBuildFile; fileRef = 2B71721D18041A7A006969E3 /* Amsel_rec.caf */; };
		2B71726418041A7A006969E3 /* Amsel_rec.caf in Resources */ = {isa = PBXBuildFile; fileRef = 2B71721D18041A7A006969E3 /* Amsel_rec.caf */; };
		2B71726518041A7A006969E3 /* Blaumeise_rec.caf in Resources */ = {isa = PBXBuildFile; fileRef = 2B71721E18041A7A006969E3 /* Blaumeise_rec.caf */; };
		2B71726618041A7A006969E3 /* Blaumeise_rec.caf in Resources */ = {isa = PBXBuildFile; fileRef = 2B71721E18041A7A006969E3 /* Blaumeise_rec.caf */; };
		2B71726718041A7A006969E3 /* Buchfink_rec.caf in Resources */ = {isa = PBXBuildFile; fileRef = 2B71721F18041A7A006969E3 /* Buchfink_rec.caf */; };
		2B71726818041A7A006969E3 /* Buchfink_rec.caf in Resources */ = {isa = PBXBuildFile; fileRef = 2B71721F18041A7A006969E3 /* Buchfink_rec.caf */; };
		2B71726918041A7A006969E3 /* Haussperling_rec.caf in Resources */ = {isa = PBXBuildFile; fileRef = 2B71722018041A7A006969E3 /* Haussperling_rec.caf */; };
		2B71726A18041A7A006969E3 /* Haussperling_rec.caf in Resources */ = {isa = PBXBuildFile; fileRef = 2B71722018041A7A006969E3 /* Haussperling_rec.caf */; };
		2B71726B18041A7A006969E3 /* Kohlmeise_rec.caf in Resources */ = {isa = PBXBuildFile; fileRef = 2B71722118041A7A006969E3 /* Kohlmeise_rec.caf */; };
		2B71726C18041A7A006969E3 /* Kohlmeise_rec.caf in Resources */ = {isa = PBXBuildFile; fileRef = 2B71722118041A7A006969E3 /* Kohlmeise_rec.caf */; };
		2B71726D18041A7A006969E3 /* Rabenkraehe_rec.caf in Resources */ = {isa = PBXBuildFile; fileRef = 2B71722218041A7A006969E3 /* Rabenkraehe_rec.caf */; };
		2B71726E18041A7A006969E3 /* Rabenkraehe_rec.caf in Resources */ = {isa = PBXBuildFile; fileRef = 2B71722218041A7A006969E3 /* Rabenkraehe_rec.caf */; };
		2B71726F18041A7A006969E3 /* Strassentaube_rec.caf in Resources */ = {isa = PBXBuildFile; fileRef = 2B71722318041A7A006969E3 /* Strassentaube_rec.caf */; };
		2B71727018041A7A006969E3 /* Strassentaube_rec.caf in Resources */ = {isa = PBXBuildFile; fileRef = 2B71722318041A7A006969E3 /* Strassentaube_rec.caf */; };
		2B71727118041A7A006969E3 /* Turmfalke_rec.caf in Resources */ = {isa = PBXBuildFile; fileRef = 2B71722418041A7A006969E3 /* Turmfalke_rec.caf */; };
		2B71727218041A7A006969E3 /* Turmfalke_rec.caf in Resources */ = {isa = PBXBuildFile; fileRef = 2B71722418041A7A006969E3 /* Turmfalke_rec.caf */; };
		2B71727318041A7A006969E3 /* Zaunkoenig_rec.caf in Resources */ = {isa = PBXBuildFile; fileRef = 2B71722518041A7A006969E3 /* Zaunkoenig_rec.caf */; };
		2B71727418041A7A006969E3 /* Zaunkoenig_rec.caf in Resources */ = {isa = PBXBuildFile; fileRef = 2B71722518041A7A006969E3 /* Zaunkoenig_rec.caf */; };
		2B71727518041A7A006969E3 /* Zilpzalp_rec.caf in Resources */ = {isa = PBXBuildFile; fileRef = 2B71722618041A7A006969E3 /* Zilpzalp_rec.caf */; };
		2B71727618041A7A006969E3 /* Zilpzalp_rec.caf in Resources */ = {isa = PBXBuildFile; fileRef = 2B71722618041A7A006969E3 /* Zilpzalp_rec.caf */; };
		2B79D050177479E70060DE41 /* AFHTTPClient.m in Sources */ = {isa = PBXBuildFile; fileRef = 2B79D03E177479E70060DE41 /* AFHTTPClient.m */; };
		2B79D051177479E70060DE41 /* AFHTTPRequestOperation.m in Sources */ = {isa = PBXBuildFile; fileRef = 2B79D040177479E70060DE41 /* AFHTTPRequestOperation.m */; };
		2B79D052177479E70060DE41 /* AFImageRequestOperation.m in Sources */ = {isa = PBXBuildFile; fileRef = 2B79D042177479E70060DE41 /* AFImageRequestOperation.m */; };
		2B79D053177479E70060DE41 /* AFJSONRequestOperation.m in Sources */ = {isa = PBXBuildFile; fileRef = 2B79D044177479E70060DE41 /* AFJSONRequestOperation.m */; };
		2B79D054177479E70060DE41 /* AFNetworkActivityIndicatorManager.m in Sources */ = {isa = PBXBuildFile; fileRef = 2B79D046177479E70060DE41 /* AFNetworkActivityIndicatorManager.m */; };
		2B79D055177479E70060DE41 /* AFPropertyListRequestOperation.m in Sources */ = {isa = PBXBuildFile; fileRef = 2B79D049177479E70060DE41 /* AFPropertyListRequestOperation.m */; };
		2B79D056177479E70060DE41 /* AFURLConnectionOperation.m in Sources */ = {isa = PBXBuildFile; fileRef = 2B79D04B177479E70060DE41 /* AFURLConnectionOperation.m */; };
		2B79D057177479E70060DE41 /* AFXMLRequestOperation.m in Sources */ = {isa = PBXBuildFile; fileRef = 2B79D04D177479E70060DE41 /* AFXMLRequestOperation.m */; };
		2B79D058177479E70060DE41 /* UIImageView+AFNetworking.m in Sources */ = {isa = PBXBuildFile; fileRef = 2B79D04F177479E70060DE41 /* UIImageView+AFNetworking.m */; };
		2B7AFE1617D70FC000B8EAD9 /* CoreAudio.framework in Frameworks */ = {isa = PBXBuildFile; fileRef = 2B7AFE1517D70FC000B8EAD9 /* CoreAudio.framework */; };
		2B8C5E1C17C890B000B9F2EE /* XCTest.framework in Frameworks */ = {isa = PBXBuildFile; fileRef = 2B8C5E0517C8908900B9F2EE /* XCTest.framework */; };
		2B8C5E1D17C890B000B9F2EE /* Foundation.framework in Frameworks */ = {isa = PBXBuildFile; fileRef = 2BA183C117245839004CB1BC /* Foundation.framework */; };
		2B8C5E1E17C890B000B9F2EE /* UIKit.framework in Frameworks */ = {isa = PBXBuildFile; fileRef = 2BA183BF17245839004CB1BC /* UIKit.framework */; };
		2B8C5E2417C890B000B9F2EE /* InfoPlist.strings in Resources */ = {isa = PBXBuildFile; fileRef = 2B8C5E2217C890B000B9F2EE /* InfoPlist.strings */; };
		2B8C5E2617C890B000B9F2EE /* LBAudioDetectiveTests.m in Sources */ = {isa = PBXBuildFile; fileRef = 2B8C5E2517C890B000B9F2EE /* LBAudioDetectiveTests.m */; };
		2BA183C017245839004CB1BC /* UIKit.framework in Frameworks */ = {isa = PBXBuildFile; fileRef = 2BA183BF17245839004CB1BC /* UIKit.framework */; };
		2BA183C217245839004CB1BC /* Foundation.framework in Frameworks */ = {isa = PBXBuildFile; fileRef = 2BA183C117245839004CB1BC /* Foundation.framework */; };
		2BA183C417245839004CB1BC /* CoreGraphics.framework in Frameworks */ = {isa = PBXBuildFile; fileRef = 2BA183C317245839004CB1BC /* CoreGraphics.framework */; };
		2BA183CA17245839004CB1BC /* InfoPlist.strings in Resources */ = {isa = PBXBuildFile; fileRef = 2BA183C817245839004CB1BC /* InfoPlist.strings */; };
		2BA183CC17245839004CB1BC /* main.m in Sources */ = {isa = PBXBuildFile; fileRef = 2BA183CB17245839004CB1BC /* main.m */; };
		2BA183D017245839004CB1BC /* LBAppDelegate.m in Sources */ = {isa = PBXBuildFile; fileRef = 2BA183CF17245839004CB1BC /* LBAppDelegate.m */; };
		2BA183D917245839004CB1BC /* LBTableViewController.m in Sources */ = {isa = PBXBuildFile; fileRef = 2BA183D817245839004CB1BC /* LBTableViewController.m */; };
		2BA183E41724584C004CB1BC /* LBAudioDetective.m in Sources */ = {isa = PBXBuildFile; fileRef = 2BA183E31724584C004CB1BC /* LBAudioDetective.m */; };
		2BA183EC1724631E004CB1BC /* AudioToolbox.framework in Frameworks */ = {isa = PBXBuildFile; fileRef = 2BA183EB1724631E004CB1BC /* AudioToolbox.framework */; };
		2BAD519817D107DA002827FB /* LBAudioDetectiveFingerprint.m in Sources */ = {isa = PBXBuildFile; fileRef = 2BAD519717D107DA002827FB /* LBAudioDetectiveFingerprint.m */; };
		2BAD519917D107DA002827FB /* LBAudioDetectiveFingerprint.m in Sources */ = {isa = PBXBuildFile; fileRef = 2BAD519717D107DA002827FB /* LBAudioDetectiveFingerprint.m */; };
		2BBC2D021726C679004A0163 /* AVFoundation.framework in Frameworks */ = {isa = PBXBuildFile; fileRef = 2BBC2D011726C679004A0163 /* AVFoundation.framework */; };
/* End PBXBuildFile section */

/* Begin PBXContainerItemProxy section */
		2B8C5E2817C890B100B9F2EE /* PBXContainerItemProxy */ = {
			isa = PBXContainerItemProxy;
			containerPortal = 2BA183B417245839004CB1BC /* Project object */;
			proxyType = 1;
			remoteGlobalIDString = 2BA183BB17245839004CB1BC;
			remoteInfo = LBAudioDetective;
		};
/* End PBXContainerItemProxy section */

/* Begin PBXFileReference section */
		2B024DE817C8965C006F0355 /* Images.xcassets */ = {isa = PBXFileReference; lastKnownFileType = folder.assetcatalog; path = Images.xcassets; sourceTree = "<group>"; };
		2B3DFF4217CE620B00EC4032 /* LBAudioDetectiveFrame.h */ = {isa = PBXFileReference; fileEncoding = 4; lastKnownFileType = sourcecode.c.h; path = LBAudioDetectiveFrame.h; sourceTree = "<group>"; };
		2B3DFF4317CE620B00EC4032 /* LBAudioDetectiveFrame.m */ = {isa = PBXFileReference; fileEncoding = 4; lastKnownFileType = sourcecode.c.objc; path = LBAudioDetectiveFrame.m; sourceTree = "<group>"; };
		2B494BDC172806A500FFB6FC /* Accelerate.framework */ = {isa = PBXFileReference; lastKnownFileType = wrapper.framework; name = Accelerate.framework; path = System/Library/Frameworks/Accelerate.framework; sourceTree = SDKROOT; };
		2B7171FB18041A79006969E3 /* Amsel.caf */ = {isa = PBXFileReference; lastKnownFileType = file; path = Amsel.caf; sourceTree = "<group>"; };
		2B7171FC18041A79006969E3 /* Blaumeise.caf */ = {isa = PBXFileReference; lastKnownFileType = file; path = Blaumeise.caf; sourceTree = "<group>"; };
		2B7171FD18041A79006969E3 /* Buchfink.caf */ = {isa = PBXFileReference; lastKnownFileType = file; path = Buchfink.caf; sourceTree = "<group>"; };
		2B7171FE18041A79006969E3 /* Haussperling.caf */ = {isa = PBXFileReference; lastKnownFileType = file; path = Haussperling.caf; sourceTree = "<group>"; };
		2B7171FF18041A79006969E3 /* Kohlmeise.caf */ = {isa = PBXFileReference; lastKnownFileType = file; path = Kohlmeise.caf; sourceTree = "<group>"; };
		2B71720018041A79006969E3 /* Rabenkraehe.caf */ = {isa = PBXFileReference; lastKnownFileType = file; path = Rabenkraehe.caf; sourceTree = "<group>"; };
		2B71720118041A79006969E3 /* Strassentaube.caf */ = {isa = PBXFileReference; lastKnownFileType = file; path = Strassentaube.caf; sourceTree = "<group>"; };
		2B71720218041A79006969E3 /* Turmfalke.caf */ = {isa = PBXFileReference; lastKnownFileType = file; path = Turmfalke.caf; sourceTree = "<group>"; };
		2B71720318041A79006969E3 /* Zaunkoenig.caf */ = {isa = PBXFileReference; lastKnownFileType = file; path = Zaunkoenig.caf; sourceTree = "<group>"; };
		2B71720418041A79006969E3 /* Zilpzalp.caf */ = {isa = PBXFileReference; lastKnownFileType = file; path = Zilpzalp.caf; sourceTree = "<group>"; };
		2B71720718041A79006969E3 /* Amsel_dif.caf */ = {isa = PBXFileReference; lastKnownFileType = file; path = Amsel_dif.caf; sourceTree = "<group>"; };
		2B71720818041A79006969E3 /* Blaumeise_dif.caf */ = {isa = PBXFileReference; lastKnownFileType = file; path = Blaumeise_dif.caf; sourceTree = "<group>"; };
		2B71720918041A79006969E3 /* Buchfink_dif.caf */ = {isa = PBXFileReference; lastKnownFileType = file; path = Buchfink_dif.caf; sourceTree = "<group>"; };
		2B71720A18041A79006969E3 /* Haussperling_dif.caf */ = {isa = PBXFileReference; lastKnownFileType = file; path = Haussperling_dif.caf; sourceTree = "<group>"; };
		2B71720B18041A79006969E3 /* Kohlmeise_dif.caf */ = {isa = PBXFileReference; lastKnownFileType = file; path = Kohlmeise_dif.caf; sourceTree = "<group>"; };
		2B71720C18041A79006969E3 /* Rabenkraehe_dif.caf */ = {isa = PBXFileReference; lastKnownFileType = file; path = Rabenkraehe_dif.caf; sourceTree = "<group>"; };
		2B71720D18041A79006969E3 /* Strassentaube_dif.caf */ = {isa = PBXFileReference; lastKnownFileType = file; path = Strassentaube_dif.caf; sourceTree = "<group>"; };
		2B71720E18041A79006969E3 /* Turmfalke_dif.caf */ = {isa = PBXFileReference; lastKnownFileType = file; path = Turmfalke_dif.caf; sourceTree = "<group>"; };
		2B71720F18041A7A006969E3 /* Zaunkoenig_dif.caf */ = {isa = PBXFileReference; lastKnownFileType = file; path = Zaunkoenig_dif.caf; sourceTree = "<group>"; };
		2B71721018041A7A006969E3 /* Zilpzalp_dif.caf */ = {isa = PBXFileReference; lastKnownFileType = file; path = Zilpzalp_dif.caf; sourceTree = "<group>"; };
		2B71721218041A7A006969E3 /* Amsel_eql.caf */ = {isa = PBXFileReference; lastKnownFileType = file; path = Amsel_eql.caf; sourceTree = "<group>"; };
		2B71721318041A7A006969E3 /* Blaumeise_eql.caf */ = {isa = PBXFileReference; lastKnownFileType = file; path = Blaumeise_eql.caf; sourceTree = "<group>"; };
		2B71721418041A7A006969E3 /* Buchfink_eql.caf */ = {isa = PBXFileReference; lastKnownFileType = file; path = Buchfink_eql.caf; sourceTree = "<group>"; };
		2B71721518041A7A006969E3 /* Haussperling_eql.caf */ = {isa = PBXFileReference; lastKnownFileType = file; path = Haussperling_eql.caf; sourceTree = "<group>"; };
		2B71721618041A7A006969E3 /* Kohlmeise_eql.caf */ = {isa = PBXFileReference; lastKnownFileType = file; path = Kohlmeise_eql.caf; sourceTree = "<group>"; };
		2B71721718041A7A006969E3 /* Rabenkraehe_eql.caf */ = {isa = PBXFileReference; lastKnownFileType = file; path = Rabenkraehe_eql.caf; sourceTree = "<group>"; };
		2B71721818041A7A006969E3 /* Strassentaube_eql.caf */ = {isa = PBXFileReference; lastKnownFileType = file; path = Strassentaube_eql.caf; sourceTree = "<group>"; };
		2B71721918041A7A006969E3 /* Turmfalke_eql.caf */ = {isa = PBXFileReference; lastKnownFileType = file; path = Turmfalke_eql.caf; sourceTree = "<group>"; };
		2B71721A18041A7A006969E3 /* Zaunkoenig_eql.caf */ = {isa = PBXFileReference; lastKnownFileType = file; path = Zaunkoenig_eql.caf; sourceTree = "<group>"; };
		2B71721B18041A7A006969E3 /* Zilpzalp_eql.caf */ = {isa = PBXFileReference; lastKnownFileType = file; path = Zilpzalp_eql.caf; sourceTree = "<group>"; };
		2B71721D18041A7A006969E3 /* Amsel_rec.caf */ = {isa = PBXFileReference; lastKnownFileType = file; path = Amsel_rec.caf; sourceTree = "<group>"; };
		2B71721E18041A7A006969E3 /* Blaumeise_rec.caf */ = {isa = PBXFileReference; lastKnownFileType = file; path = Blaumeise_rec.caf; sourceTree = "<group>"; };
		2B71721F18041A7A006969E3 /* Buchfink_rec.caf */ = {isa = PBXFileReference; lastKnownFileType = file; path = Buchfink_rec.caf; sourceTree = "<group>"; };
		2B71722018041A7A006969E3 /* Haussperling_rec.caf */ = {isa = PBXFileReference; lastKnownFileType = file; path = Haussperling_rec.caf; sourceTree = "<group>"; };
		2B71722118041A7A006969E3 /* Kohlmeise_rec.caf */ = {isa = PBXFileReference; lastKnownFileType = file; path = Kohlmeise_rec.caf; sourceTree = "<group>"; };
		2B71722218041A7A006969E3 /* Rabenkraehe_rec.caf */ = {isa = PBXFileReference; lastKnownFileType = file; path = Rabenkraehe_rec.caf; sourceTree = "<group>"; };
		2B71722318041A7A006969E3 /* Strassentaube_rec.caf */ = {isa = PBXFileReference; lastKnownFileType = file; path = Strassentaube_rec.caf; sourceTree = "<group>"; };
		2B71722418041A7A006969E3 /* Turmfalke_rec.caf */ = {isa = PBXFileReference; lastKnownFileType = file; path = Turmfalke_rec.caf; sourceTree = "<group>"; };
		2B71722518041A7A006969E3 /* Zaunkoenig_rec.caf */ = {isa = PBXFileReference; lastKnownFileType = file; path = Zaunkoenig_rec.caf; sourceTree = "<group>"; };
		2B71722618041A7A006969E3 /* Zilpzalp_rec.caf */ = {isa = PBXFileReference; lastKnownFileType = file; path = Zilpzalp_rec.caf; sourceTree = "<group>"; };
		2B79D03D177479E70060DE41 /* AFHTTPClient.h */ = {isa = PBXFileReference; fileEncoding = 4; lastKnownFileType = sourcecode.c.h; path = AFHTTPClient.h; sourceTree = "<group>"; };
		2B79D03E177479E70060DE41 /* AFHTTPClient.m */ = {isa = PBXFileReference; fileEncoding = 4; lastKnownFileType = sourcecode.c.objc; path = AFHTTPClient.m; sourceTree = "<group>"; };
		2B79D03F177479E70060DE41 /* AFHTTPRequestOperation.h */ = {isa = PBXFileReference; fileEncoding = 4; lastKnownFileType = sourcecode.c.h; path = AFHTTPRequestOperation.h; sourceTree = "<group>"; };
		2B79D040177479E70060DE41 /* AFHTTPRequestOperation.m */ = {isa = PBXFileReference; fileEncoding = 4; lastKnownFileType = sourcecode.c.objc; path = AFHTTPRequestOperation.m; sourceTree = "<group>"; };
		2B79D041177479E70060DE41 /* AFImageRequestOperation.h */ = {isa = PBXFileReference; fileEncoding = 4; lastKnownFileType = sourcecode.c.h; path = AFImageRequestOperation.h; sourceTree = "<group>"; };
		2B79D042177479E70060DE41 /* AFImageRequestOperation.m */ = {isa = PBXFileReference; fileEncoding = 4; lastKnownFileType = sourcecode.c.objc; path = AFImageRequestOperation.m; sourceTree = "<group>"; };
		2B79D043177479E70060DE41 /* AFJSONRequestOperation.h */ = {isa = PBXFileReference; fileEncoding = 4; lastKnownFileType = sourcecode.c.h; path = AFJSONRequestOperation.h; sourceTree = "<group>"; };
		2B79D044177479E70060DE41 /* AFJSONRequestOperation.m */ = {isa = PBXFileReference; fileEncoding = 4; lastKnownFileType = sourcecode.c.objc; path = AFJSONRequestOperation.m; sourceTree = "<group>"; };
		2B79D045177479E70060DE41 /* AFNetworkActivityIndicatorManager.h */ = {isa = PBXFileReference; fileEncoding = 4; lastKnownFileType = sourcecode.c.h; path = AFNetworkActivityIndicatorManager.h; sourceTree = "<group>"; };
		2B79D046177479E70060DE41 /* AFNetworkActivityIndicatorManager.m */ = {isa = PBXFileReference; fileEncoding = 4; lastKnownFileType = sourcecode.c.objc; path = AFNetworkActivityIndicatorManager.m; sourceTree = "<group>"; };
		2B79D047177479E70060DE41 /* AFNetworking.h */ = {isa = PBXFileReference; fileEncoding = 4; lastKnownFileType = sourcecode.c.h; path = AFNetworking.h; sourceTree = "<group>"; };
		2B79D048177479E70060DE41 /* AFPropertyListRequestOperation.h */ = {isa = PBXFileReference; fileEncoding = 4; lastKnownFileType = sourcecode.c.h; path = AFPropertyListRequestOperation.h; sourceTree = "<group>"; };
		2B79D049177479E70060DE41 /* AFPropertyListRequestOperation.m */ = {isa = PBXFileReference; fileEncoding = 4; lastKnownFileType = sourcecode.c.objc; path = AFPropertyListRequestOperation.m; sourceTree = "<group>"; };
		2B79D04A177479E70060DE41 /* AFURLConnectionOperation.h */ = {isa = PBXFileReference; fileEncoding = 4; lastKnownFileType = sourcecode.c.h; path = AFURLConnectionOperation.h; sourceTree = "<group>"; };
		2B79D04B177479E70060DE41 /* AFURLConnectionOperation.m */ = {isa = PBXFileReference; fileEncoding = 4; lastKnownFileType = sourcecode.c.objc; path = AFURLConnectionOperation.m; sourceTree = "<group>"; };
		2B79D04C177479E70060DE41 /* AFXMLRequestOperation.h */ = {isa = PBXFileReference; fileEncoding = 4; lastKnownFileType = sourcecode.c.h; path = AFXMLRequestOperation.h; sourceTree = "<group>"; };
		2B79D04D177479E70060DE41 /* AFXMLRequestOperation.m */ = {isa = PBXFileReference; fileEncoding = 4; lastKnownFileType = sourcecode.c.objc; path = AFXMLRequestOperation.m; sourceTree = "<group>"; };
		2B79D04E177479E70060DE41 /* UIImageView+AFNetworking.h */ = {isa = PBXFileReference; fileEncoding = 4; lastKnownFileType = sourcecode.c.h; path = "UIImageView+AFNetworking.h"; sourceTree = "<group>"; };
		2B79D04F177479E70060DE41 /* UIImageView+AFNetworking.m */ = {isa = PBXFileReference; fileEncoding = 4; lastKnownFileType = sourcecode.c.objc; path = "UIImageView+AFNetworking.m"; sourceTree = "<group>"; };
		2B79D05917747D4F0060DE41 /* MobileCoreServices.framework */ = {isa = PBXFileReference; lastKnownFileType = wrapper.framework; name = MobileCoreServices.framework; path = System/Library/Frameworks/MobileCoreServices.framework; sourceTree = SDKROOT; };
		2B7AFE1517D70FC000B8EAD9 /* CoreAudio.framework */ = {isa = PBXFileReference; lastKnownFileType = wrapper.framework; name = CoreAudio.framework; path = System/Library/Frameworks/CoreAudio.framework; sourceTree = SDKROOT; };
		2B8C5E0517C8908900B9F2EE /* XCTest.framework */ = {isa = PBXFileReference; lastKnownFileType = wrapper.framework; name = XCTest.framework; path = Library/Frameworks/XCTest.framework; sourceTree = DEVELOPER_DIR; };
		2B8C5E1B17C890B000B9F2EE /* LBAudioDetectiveTests.xctest */ = {isa = PBXFileReference; explicitFileType = wrapper.cfbundle; includeInIndex = 0; path = LBAudioDetectiveTests.xctest; sourceTree = BUILT_PRODUCTS_DIR; };
		2B8C5E2117C890B000B9F2EE /* LBAudioDetectiveTests-Info.plist */ = {isa = PBXFileReference; lastKnownFileType = text.plist.xml; path = "LBAudioDetectiveTests-Info.plist"; sourceTree = "<group>"; };
		2B8C5E2317C890B000B9F2EE /* en */ = {isa = PBXFileReference; lastKnownFileType = text.plist.strings; name = en; path = en.lproj/InfoPlist.strings; sourceTree = "<group>"; };
		2B8C5E2517C890B000B9F2EE /* LBAudioDetectiveTests.m */ = {isa = PBXFileReference; lastKnownFileType = sourcecode.c.objc; path = LBAudioDetectiveTests.m; sourceTree = "<group>"; };
		2B8C5E2717C890B000B9F2EE /* LBAudioDetectiveTests-Prefix.pch */ = {isa = PBXFileReference; lastKnownFileType = sourcecode.c.h; path = "LBAudioDetectiveTests-Prefix.pch"; sourceTree = "<group>"; };
		2BA183BC17245839004CB1BC /* LBAudioDetective.app */ = {isa = PBXFileReference; explicitFileType = wrapper.application; includeInIndex = 0; path = LBAudioDetective.app; sourceTree = BUILT_PRODUCTS_DIR; };
		2BA183BF17245839004CB1BC /* UIKit.framework */ = {isa = PBXFileReference; lastKnownFileType = wrapper.framework; name = UIKit.framework; path = System/Library/Frameworks/UIKit.framework; sourceTree = SDKROOT; };
		2BA183C117245839004CB1BC /* Foundation.framework */ = {isa = PBXFileReference; lastKnownFileType = wrapper.framework; name = Foundation.framework; path = System/Library/Frameworks/Foundation.framework; sourceTree = SDKROOT; };
		2BA183C317245839004CB1BC /* CoreGraphics.framework */ = {isa = PBXFileReference; lastKnownFileType = wrapper.framework; name = CoreGraphics.framework; path = System/Library/Frameworks/CoreGraphics.framework; sourceTree = SDKROOT; };
		2BA183C717245839004CB1BC /* LBAudioDetective-Info.plist */ = {isa = PBXFileReference; lastKnownFileType = text.plist.xml; path = "LBAudioDetective-Info.plist"; sourceTree = "<group>"; };
		2BA183C917245839004CB1BC /* en */ = {isa = PBXFileReference; lastKnownFileType = text.plist.strings; name = en; path = en.lproj/InfoPlist.strings; sourceTree = "<group>"; };
		2BA183CB17245839004CB1BC /* main.m */ = {isa = PBXFileReference; lastKnownFileType = sourcecode.c.objc; path = main.m; sourceTree = "<group>"; };
		2BA183CD17245839004CB1BC /* LBAudioDetective-Prefix.pch */ = {isa = PBXFileReference; lastKnownFileType = sourcecode.c.h; path = "LBAudioDetective-Prefix.pch"; sourceTree = "<group>"; };
		2BA183CE17245839004CB1BC /* LBAppDelegate.h */ = {isa = PBXFileReference; lastKnownFileType = sourcecode.c.h; path = LBAppDelegate.h; sourceTree = "<group>"; };
		2BA183CF17245839004CB1BC /* LBAppDelegate.m */ = {isa = PBXFileReference; lastKnownFileType = sourcecode.c.objc; path = LBAppDelegate.m; sourceTree = "<group>"; };
		2BA183D717245839004CB1BC /* LBTableViewController.h */ = {isa = PBXFileReference; lastKnownFileType = sourcecode.c.h; path = LBTableViewController.h; sourceTree = "<group>"; };
		2BA183D817245839004CB1BC /* LBTableViewController.m */ = {isa = PBXFileReference; lastKnownFileType = sourcecode.c.objc; path = LBTableViewController.m; sourceTree = "<group>"; };
		2BA183E21724584C004CB1BC /* LBAudioDetective.h */ = {isa = PBXFileReference; fileEncoding = 4; lastKnownFileType = sourcecode.c.h; path = LBAudioDetective.h; sourceTree = "<group>"; };
		2BA183E31724584C004CB1BC /* LBAudioDetective.m */ = {isa = PBXFileReference; fileEncoding = 4; lastKnownFileType = sourcecode.c.objc; path = LBAudioDetective.m; sourceTree = "<group>"; };
		2BA183EB1724631E004CB1BC /* AudioToolbox.framework */ = {isa = PBXFileReference; lastKnownFileType = wrapper.framework; name = AudioToolbox.framework; path = System/Library/Frameworks/AudioToolbox.framework; sourceTree = SDKROOT; };
		2BA183ED17246329004CB1BC /* AudioUnit.framework */ = {isa = PBXFileReference; lastKnownFileType = wrapper.framework; name = AudioUnit.framework; path = System/Library/Frameworks/AudioUnit.framework; sourceTree = SDKROOT; };
		2BAD519617D107DA002827FB /* LBAudioDetectiveFingerprint.h */ = {isa = PBXFileReference; fileEncoding = 4; lastKnownFileType = sourcecode.c.h; path = LBAudioDetectiveFingerprint.h; sourceTree = "<group>"; };
		2BAD519717D107DA002827FB /* LBAudioDetectiveFingerprint.m */ = {isa = PBXFileReference; fileEncoding = 4; lastKnownFileType = sourcecode.c.objc; path = LBAudioDetectiveFingerprint.m; sourceTree = "<group>"; };
		2BBC2D011726C679004A0163 /* AVFoundation.framework */ = {isa = PBXFileReference; lastKnownFileType = wrapper.framework; name = AVFoundation.framework; path = System/Library/Frameworks/AVFoundation.framework; sourceTree = SDKROOT; };
/* End PBXFileReference section */

/* Begin PBXFrameworksBuildPhase section */
		2B8C5E1817C890B000B9F2EE /* Frameworks */ = {
			isa = PBXFrameworksBuildPhase;
			buildActionMask = 2147483647;
			files = (
				2B8C5E1C17C890B000B9F2EE /* XCTest.framework in Frameworks */,
				2B8C5E1E17C890B000B9F2EE /* UIKit.framework in Frameworks */,
				2B8C5E1D17C890B000B9F2EE /* Foundation.framework in Frameworks */,
			);
			runOnlyForDeploymentPostprocessing = 0;
		};
		2BA183B917245839004CB1BC /* Frameworks */ = {
			isa = PBXFrameworksBuildPhase;
			buildActionMask = 2147483647;
			files = (
				2B7AFE1617D70FC000B8EAD9 /* CoreAudio.framework in Frameworks */,
				2B494BDD172806A500FFB6FC /* Accelerate.framework in Frameworks */,
				2BA183EC1724631E004CB1BC /* AudioToolbox.framework in Frameworks */,
				2BBC2D021726C679004A0163 /* AVFoundation.framework in Frameworks */,
				2BA183C417245839004CB1BC /* CoreGraphics.framework in Frameworks */,
				2BA183C217245839004CB1BC /* Foundation.framework in Frameworks */,
				2BA183C017245839004CB1BC /* UIKit.framework in Frameworks */,
			);
			runOnlyForDeploymentPostprocessing = 0;
		};
/* End PBXFrameworksBuildPhase section */

/* Begin PBXGroup section */
		2B7171F918041A79006969E3 /* Birds */ = {
			isa = PBXGroup;
			children = (
				2B7171FA18041A79006969E3 /* Archive */,
				2B71720518041A79006969E3 /* Sequences */,
			);
			name = Birds;
			path = ../../../../Documents/School/Maturarbeit/Birds;
			sourceTree = "<group>";
		};
		2B7171FA18041A79006969E3 /* Archive */ = {
			isa = PBXGroup;
			children = (
				2B7171FB18041A79006969E3 /* Amsel.caf */,
				2B7171FC18041A79006969E3 /* Blaumeise.caf */,
				2B7171FD18041A79006969E3 /* Buchfink.caf */,
				2B7171FE18041A79006969E3 /* Haussperling.caf */,
				2B7171FF18041A79006969E3 /* Kohlmeise.caf */,
				2B71720018041A79006969E3 /* Rabenkraehe.caf */,
				2B71720118041A79006969E3 /* Strassentaube.caf */,
				2B71720218041A79006969E3 /* Turmfalke.caf */,
				2B71720318041A79006969E3 /* Zaunkoenig.caf */,
				2B71720418041A79006969E3 /* Zilpzalp.caf */,
			);
			path = Archive;
			sourceTree = "<group>";
		};
		2B71720518041A79006969E3 /* Sequences */ = {
			isa = PBXGroup;
			children = (
				2B71720618041A79006969E3 /* Different */,
				2B71721118041A7A006969E3 /* Equal */,
				2B71721C18041A7A006969E3 /* Recorded */,
			);
			path = Sequences;
			sourceTree = "<group>";
		};
		2B71720618041A79006969E3 /* Different */ = {
			isa = PBXGroup;
			children = (
				2B71720718041A79006969E3 /* Amsel_dif.caf */,
				2B71720818041A79006969E3 /* Blaumeise_dif.caf */,
				2B71720918041A79006969E3 /* Buchfink_dif.caf */,
				2B71720A18041A79006969E3 /* Haussperling_dif.caf */,
				2B71720B18041A79006969E3 /* Kohlmeise_dif.caf */,
				2B71720C18041A79006969E3 /* Rabenkraehe_dif.caf */,
				2B71720D18041A79006969E3 /* Strassentaube_dif.caf */,
				2B71720E18041A79006969E3 /* Turmfalke_dif.caf */,
				2B71720F18041A7A006969E3 /* Zaunkoenig_dif.caf */,
				2B71721018041A7A006969E3 /* Zilpzalp_dif.caf */,
			);
			path = Different;
			sourceTree = "<group>";
		};
		2B71721118041A7A006969E3 /* Equal */ = {
			isa = PBXGroup;
			children = (
				2B71721218041A7A006969E3 /* Amsel_eql.caf */,
				2B71721318041A7A006969E3 /* Blaumeise_eql.caf */,
				2B71721418041A7A006969E3 /* Buchfink_eql.caf */,
				2B71721518041A7A006969E3 /* Haussperling_eql.caf */,
				2B71721618041A7A006969E3 /* Kohlmeise_eql.caf */,
				2B71721718041A7A006969E3 /* Rabenkraehe_eql.caf */,
				2B71721818041A7A006969E3 /* Strassentaube_eql.caf */,
				2B71721918041A7A006969E3 /* Turmfalke_eql.caf */,
				2B71721A18041A7A006969E3 /* Zaunkoenig_eql.caf */,
				2B71721B18041A7A006969E3 /* Zilpzalp_eql.caf */,
			);
			path = Equal;
			sourceTree = "<group>";
		};
		2B71721C18041A7A006969E3 /* Recorded */ = {
			isa = PBXGroup;
			children = (
				2B71721D18041A7A006969E3 /* Amsel_rec.caf */,
				2B71721E18041A7A006969E3 /* Blaumeise_rec.caf */,
				2B71721F18041A7A006969E3 /* Buchfink_rec.caf */,
				2B71722018041A7A006969E3 /* Haussperling_rec.caf */,
				2B71722118041A7A006969E3 /* Kohlmeise_rec.caf */,
				2B71722218041A7A006969E3 /* Rabenkraehe_rec.caf */,
				2B71722318041A7A006969E3 /* Strassentaube_rec.caf */,
				2B71722418041A7A006969E3 /* Turmfalke_rec.caf */,
				2B71722518041A7A006969E3 /* Zaunkoenig_rec.caf */,
				2B71722618041A7A006969E3 /* Zilpzalp_rec.caf */,
			);
			path = Recorded;
			sourceTree = "<group>";
		};
		2B79D03B177479BF0060DE41 /* Externals */ = {
			isa = PBXGroup;
			children = (
				2B79D03C177479E70060DE41 /* AFNetworking */,
			);
			path = Externals;
			sourceTree = "<group>";
		};
		2B79D03C177479E70060DE41 /* AFNetworking */ = {
			isa = PBXGroup;
			children = (
				2B79D03D177479E70060DE41 /* AFHTTPClient.h */,
				2B79D03E177479E70060DE41 /* AFHTTPClient.m */,
				2B79D03F177479E70060DE41 /* AFHTTPRequestOperation.h */,
				2B79D040177479E70060DE41 /* AFHTTPRequestOperation.m */,
				2B79D041177479E70060DE41 /* AFImageRequestOperation.h */,
				2B79D042177479E70060DE41 /* AFImageRequestOperation.m */,
				2B79D043177479E70060DE41 /* AFJSONRequestOperation.h */,
				2B79D044177479E70060DE41 /* AFJSONRequestOperation.m */,
				2B79D045177479E70060DE41 /* AFNetworkActivityIndicatorManager.h */,
				2B79D046177479E70060DE41 /* AFNetworkActivityIndicatorManager.m */,
				2B79D047177479E70060DE41 /* AFNetworking.h */,
				2B79D048177479E70060DE41 /* AFPropertyListRequestOperation.h */,
				2B79D049177479E70060DE41 /* AFPropertyListRequestOperation.m */,
				2B79D04A177479E70060DE41 /* AFURLConnectionOperation.h */,
				2B79D04B177479E70060DE41 /* AFURLConnectionOperation.m */,
				2B79D04C177479E70060DE41 /* AFXMLRequestOperation.h */,
				2B79D04D177479E70060DE41 /* AFXMLRequestOperation.m */,
				2B79D04E177479E70060DE41 /* UIImageView+AFNetworking.h */,
				2B79D04F177479E70060DE41 /* UIImageView+AFNetworking.m */,
			);
			path = AFNetworking;
			sourceTree = "<group>";
		};
		2B8C5DFC17C88F3300B9F2EE /* Source Code */ = {
			isa = PBXGroup;
			children = (
				2BA183E51724585A004CB1BC /* Vendor */,
				2BA183CE17245839004CB1BC /* LBAppDelegate.h */,
				2BA183CF17245839004CB1BC /* LBAppDelegate.m */,
				2BA183D717245839004CB1BC /* LBTableViewController.h */,
				2BA183D817245839004CB1BC /* LBTableViewController.m */,
				2B79D03B177479BF0060DE41 /* Externals */,
			);
			path = "Source Code";
			sourceTree = "<group>";
		};
		2B8C5E1F17C890B000B9F2EE /* LBAudioDetectiveTests */ = {
			isa = PBXGroup;
			children = (
				2B8C5E2517C890B000B9F2EE /* LBAudioDetectiveTests.m */,
				2B8C5E2017C890B000B9F2EE /* Supporting Files */,
			);
			path = LBAudioDetectiveTests;
			sourceTree = "<group>";
		};
		2B8C5E2017C890B000B9F2EE /* Supporting Files */ = {
			isa = PBXGroup;
			children = (
				2B8C5E2117C890B000B9F2EE /* LBAudioDetectiveTests-Info.plist */,
				2B8C5E2217C890B000B9F2EE /* InfoPlist.strings */,
				2B8C5E2717C890B000B9F2EE /* LBAudioDetectiveTests-Prefix.pch */,
			);
			name = "Supporting Files";
			sourceTree = "<group>";
		};
		2BA183B317245839004CB1BC = {
			isa = PBXGroup;
			children = (
				2BA183C517245839004CB1BC /* LBAudioDetective */,
				2B8C5E1F17C890B000B9F2EE /* LBAudioDetectiveTests */,
				2BA183BE17245839004CB1BC /* Frameworks */,
				2BA183BD17245839004CB1BC /* Products */,
			);
			sourceTree = "<group>";
		};
		2BA183BD17245839004CB1BC /* Products */ = {
			isa = PBXGroup;
			children = (
				2BA183BC17245839004CB1BC /* LBAudioDetective.app */,
				2B8C5E1B17C890B000B9F2EE /* LBAudioDetectiveTests.xctest */,
			);
			name = Products;
			sourceTree = "<group>";
		};
		2BA183BE17245839004CB1BC /* Frameworks */ = {
			isa = PBXGroup;
			children = (
				2B7AFE1517D70FC000B8EAD9 /* CoreAudio.framework */,
				2B79D05917747D4F0060DE41 /* MobileCoreServices.framework */,
				2B494BDC172806A500FFB6FC /* Accelerate.framework */,
				2BA183EB1724631E004CB1BC /* AudioToolbox.framework */,
				2BA183ED17246329004CB1BC /* AudioUnit.framework */,
				2BBC2D011726C679004A0163 /* AVFoundation.framework */,
				2BA183C317245839004CB1BC /* CoreGraphics.framework */,
				2BA183C117245839004CB1BC /* Foundation.framework */,
				2BA183BF17245839004CB1BC /* UIKit.framework */,
				2B8C5E0517C8908900B9F2EE /* XCTest.framework */,
			);
			name = Frameworks;
			sourceTree = "<group>";
		};
		2BA183C517245839004CB1BC /* LBAudioDetective */ = {
			isa = PBXGroup;
			children = (
				2B8C5DFC17C88F3300B9F2EE /* Source Code */,
				2BA183C617245839004CB1BC /* Supporting Files */,
			);
			path = LBAudioDetective;
			sourceTree = "<group>";
		};
		2BA183C617245839004CB1BC /* Supporting Files */ = {
			isa = PBXGroup;
			children = (
				2B7171F918041A79006969E3 /* Birds */,
				2B024DE817C8965C006F0355 /* Images.xcassets */,
				2BA183C717245839004CB1BC /* LBAudioDetective-Info.plist */,
				2BA183C817245839004CB1BC /* InfoPlist.strings */,
				2BA183CB17245839004CB1BC /* main.m */,
				2BA183CD17245839004CB1BC /* LBAudioDetective-Prefix.pch */,
			);
			name = "Supporting Files";
			sourceTree = "<group>";
		};
		2BA183E51724585A004CB1BC /* Vendor */ = {
			isa = PBXGroup;
			children = (
				2BA183E21724584C004CB1BC /* LBAudioDetective.h */,
				2BA183E31724584C004CB1BC /* LBAudioDetective.m */,
				2B3DFF4217CE620B00EC4032 /* LBAudioDetectiveFrame.h */,
				2B3DFF4317CE620B00EC4032 /* LBAudioDetectiveFrame.m */,
				2BAD519617D107DA002827FB /* LBAudioDetectiveFingerprint.h */,
				2BAD519717D107DA002827FB /* LBAudioDetectiveFingerprint.m */,
			);
			path = Vendor;
			sourceTree = "<group>";
		};
/* End PBXGroup section */

/* Begin PBXNativeTarget section */
		2B8C5E1A17C890B000B9F2EE /* LBAudioDetectiveTests */ = {
			isa = PBXNativeTarget;
			buildConfigurationList = 2B8C5E2A17C890B100B9F2EE /* Build configuration list for PBXNativeTarget "LBAudioDetectiveTests" */;
			buildPhases = (
				2B8C5E1717C890B000B9F2EE /* Sources */,
				2B8C5E1817C890B000B9F2EE /* Frameworks */,
				2B8C5E1917C890B000B9F2EE /* Resources */,
			);
			buildRules = (
			);
			dependencies = (
				2B8C5E2917C890B100B9F2EE /* PBXTargetDependency */,
			);
			name = LBAudioDetectiveTests;
			productName = LBAudioDetectiveTests;
			productReference = 2B8C5E1B17C890B000B9F2EE /* LBAudioDetectiveTests.xctest */;
			productType = "com.apple.product-type.bundle.unit-test";
		};
		2BA183BB17245839004CB1BC /* LBAudioDetective */ = {
			isa = PBXNativeTarget;
			buildConfigurationList = 2BA183DF17245839004CB1BC /* Build configuration list for PBXNativeTarget "LBAudioDetective" */;
			buildPhases = (
				2BA183B817245839004CB1BC /* Sources */,
				2BA183B917245839004CB1BC /* Frameworks */,
				2BA183BA17245839004CB1BC /* Resources */,
			);
			buildRules = (
			);
			dependencies = (
			);
			name = LBAudioDetective;
			productName = LBAudioDetective;
			productReference = 2BA183BC17245839004CB1BC /* LBAudioDetective.app */;
			productType = "com.apple.product-type.application";
		};
/* End PBXNativeTarget section */

/* Begin PBXProject section */
		2BA183B417245839004CB1BC /* Project object */ = {
			isa = PBXProject;
			attributes = {
				CLASSPREFIX = LB;
				LastUpgradeCheck = 0460;
				ORGANIZATIONNAME = "Laurin Brandner";
				TargetAttributes = {
					2B8C5E1A17C890B000B9F2EE = {
						TestTargetID = 2BA183BB17245839004CB1BC;
					};
				};
			};
			buildConfigurationList = 2BA183B717245839004CB1BC /* Build configuration list for PBXProject "LBAudioDetective" */;
			compatibilityVersion = "Xcode 3.2";
			developmentRegion = English;
			hasScannedForEncodings = 0;
			knownRegions = (
				en,
			);
			mainGroup = 2BA183B317245839004CB1BC;
			productRefGroup = 2BA183BD17245839004CB1BC /* Products */;
			projectDirPath = "";
			projectRoot = "";
			targets = (
				2BA183BB17245839004CB1BC /* LBAudioDetective */,
				2B8C5E1A17C890B000B9F2EE /* LBAudioDetectiveTests */,
			);
		};
/* End PBXProject section */

/* Begin PBXResourcesBuildPhase section */
		2B8C5E1917C890B000B9F2EE /* Resources */ = {
			isa = PBXResourcesBuildPhase;
			buildActionMask = 2147483647;
			files = (
				2B71726018041A7A006969E3 /* Zaunkoenig_eql.caf in Resources */,
				2B71723018041A7A006969E3 /* Kohlmeise.caf in Resources */,
				2B71725218041A7A006969E3 /* Blaumeise_eql.caf in Resources */,
				2B71725C18041A7A006969E3 /* Strassentaube_eql.caf in Resources */,
				2B71724618041A7A006969E3 /* Rabenkraehe_dif.caf in Resources */,
				2B71723C18041A7A006969E3 /* Amsel_dif.caf in Resources */,
				2B71725618041A7A006969E3 /* Haussperling_eql.caf in Resources */,
				2B71725A18041A7A006969E3 /* Rabenkraehe_eql.caf in Resources */,
				2B71726618041A7A006969E3 /* Blaumeise_rec.caf in Resources */,
				2B71723A18041A7A006969E3 /* Zilpzalp.caf in Resources */,
				2B71722A18041A7A006969E3 /* Blaumeise.caf in Resources */,
				2B71724A18041A7A006969E3 /* Turmfalke_dif.caf in Resources */,
				2B8C5E2417C890B000B9F2EE /* InfoPlist.strings in Resources */,
				2B71722C18041A7A006969E3 /* Buchfink.caf in Resources */,
				2B71727418041A7A006969E3 /* Zaunkoenig_rec.caf in Resources */,
				2B71723E18041A7A006969E3 /* Blaumeise_dif.caf in Resources */,
				2B71726218041A7A006969E3 /* Zilpzalp_eql.caf in Resources */,
				2B71722818041A7A006969E3 /* Amsel.caf in Resources */,
				2B71726E18041A7A006969E3 /* Rabenkraehe_rec.caf in Resources */,
				2B71726418041A7A006969E3 /* Amsel_rec.caf in Resources */,
				2B71725418041A7A006969E3 /* Buchfink_eql.caf in Resources */,
				2B71724E18041A7A006969E3 /* Zilpzalp_dif.caf in Resources */,
				2B71723818041A7A006969E3 /* Zaunkoenig.caf in Resources */,
				2B71726A18041A7A006969E3 /* Haussperling_rec.caf in Resources */,
				2B71724218041A7A006969E3 /* Haussperling_dif.caf in Resources */,
				2B71727018041A7A006969E3 /* Strassentaube_rec.caf in Resources */,
				2B71723618041A7A006969E3 /* Turmfalke.caf in Resources */,
				2B71727618041A7A006969E3 /* Zilpzalp_rec.caf in Resources */,
				2B71726818041A7A006969E3 /* Buchfink_rec.caf in Resources */,
				2B71725018041A7A006969E3 /* Amsel_eql.caf in Resources */,
				2B71724018041A7A006969E3 /* Buchfink_dif.caf in Resources */,
				2B71725E18041A7A006969E3 /* Turmfalke_eql.caf in Resources */,
				2B71725818041A7A006969E3 /* Kohlmeise_eql.caf in Resources */,
				2B71724418041A7A006969E3 /* Kohlmeise_dif.caf in Resources */,
				2B71724C18041A7A006969E3 /* Zaunkoenig_dif.caf in Resources */,
				2B71723418041A7A006969E3 /* Strassentaube.caf in Resources */,
				2B71722E18041A7A006969E3 /* Haussperling.caf in Resources */,
				2B71723218041A7A006969E3 /* Rabenkraehe.caf in Resources */,
				2B71724818041A7A006969E3 /* Strassentaube_dif.caf in Resources */,
				2B71727218041A7A006969E3 /* Turmfalke_rec.caf in Resources */,
				2B71726C18041A7A006969E3 /* Kohlmeise_rec.caf in Resources */,
			);
			runOnlyForDeploymentPostprocessing = 0;
		};
		2BA183BA17245839004CB1BC /* Resources */ = {
			isa = PBXResourcesBuildPhase;
			buildActionMask = 2147483647;
			files = (
				2B71723718041A7A006969E3 /* Zaunkoenig.caf in Resources */,
				2B71727518041A7A006969E3 /* Zilpzalp_rec.caf in Resources */,
				2B71726F18041A7A006969E3 /* Strassentaube_rec.caf in Resources */,
				2B71726518041A7A006969E3 /* Blaumeise_rec.caf in Resources */,
				2B71725D18041A7A006969E3 /* Turmfalke_eql.caf in Resources */,
				2B71724718041A7A006969E3 /* Strassentaube_dif.caf in Resources */,
				2B71724518041A7A006969E3 /* Rabenkraehe_dif.caf in Resources */,
				2B71724318041A7A006969E3 /* Kohlmeise_dif.caf in Resources */,
				2B71724B18041A7A006969E3 /* Zaunkoenig_dif.caf in Resources */,
				2B71722918041A7A006969E3 /* Blaumeise.caf in Resources */,
				2B71727318041A7A006969E3 /* Zaunkoenig_rec.caf in Resources */,
				2B71723918041A7A006969E3 /* Zilpzalp.caf in Resources */,
				2B71724118041A7A006969E3 /* Haussperling_dif.caf in Resources */,
				2B71725718041A7A006969E3 /* Kohlmeise_eql.caf in Resources */,
				2B71723B18041A7A006969E3 /* Amsel_dif.caf in Resources */,
				2B71725118041A7A006969E3 /* Blaumeise_eql.caf in Resources */,
				2B71723D18041A7A006969E3 /* Blaumeise_dif.caf in Resources */,
				2B71723318041A7A006969E3 /* Strassentaube.caf in Resources */,
				2B71725B18041A7A006969E3 /* Strassentaube_eql.caf in Resources */,
				2B71722718041A7A006969E3 /* Amsel.caf in Resources */,
				2B71722B18041A7A006969E3 /* Buchfink.caf in Resources */,
				2B71726918041A7A006969E3 /* Haussperling_rec.caf in Resources */,
				2B71725518041A7A006969E3 /* Haussperling_eql.caf in Resources */,
				2B71725318041A7A006969E3 /* Buchfink_eql.caf in Resources */,
				2B71724F18041A7A006969E3 /* Amsel_eql.caf in Resources */,
				2B71723518041A7A006969E3 /* Turmfalke.caf in Resources */,
				2B71726B18041A7A006969E3 /* Kohlmeise_rec.caf in Resources */,
				2B71722F18041A7A006969E3 /* Kohlmeise.caf in Resources */,
				2B71722D18041A7A006969E3 /* Haussperling.caf in Resources */,
				2BA183CA17245839004CB1BC /* InfoPlist.strings in Resources */,
				2B024DE917C8965C006F0355 /* Images.xcassets in Resources */,
				2B71727118041A7A006969E3 /* Turmfalke_rec.caf in Resources */,
				2B71726318041A7A006969E3 /* Amsel_rec.caf in Resources */,
				2B71724D18041A7A006969E3 /* Zilpzalp_dif.caf in Resources */,
				2B71725918041A7A006969E3 /* Rabenkraehe_eql.caf in Resources */,
				2B71726718041A7A006969E3 /* Buchfink_rec.caf in Resources */,
				2B71723118041A7A006969E3 /* Rabenkraehe.caf in Resources */,
				2B71725F18041A7A006969E3 /* Zaunkoenig_eql.caf in Resources */,
				2B71726D18041A7A006969E3 /* Rabenkraehe_rec.caf in Resources */,
				2B71724918041A7A006969E3 /* Turmfalke_dif.caf in Resources */,
				2B71723F18041A7A006969E3 /* Buchfink_dif.caf in Resources */,
				2B71726118041A7A006969E3 /* Zilpzalp_eql.caf in Resources */,
			);
			runOnlyForDeploymentPostprocessing = 0;
		};
/* End PBXResourcesBuildPhase section */

/* Begin PBXSourcesBuildPhase section */
		2B8C5E1717C890B000B9F2EE /* Sources */ = {
			isa = PBXSourcesBuildPhase;
			buildActionMask = 2147483647;
			files = (
				2BAD519917D107DA002827FB /* LBAudioDetectiveFingerprint.m in Sources */,
				2B5A8DDF17E4B982004D5D08 /* LBAudioDetectiveFrame.m in Sources */,
				2B024DE717C89638006F0355 /* LBAudioDetective.m in Sources */,
				2B8C5E2617C890B000B9F2EE /* LBAudioDetectiveTests.m in Sources */,
			);
			runOnlyForDeploymentPostprocessing = 0;
		};
		2BA183B817245839004CB1BC /* Sources */ = {
			isa = PBXSourcesBuildPhase;
			buildActionMask = 2147483647;
			files = (
				2B79D056177479E70060DE41 /* AFURLConnectionOperation.m in Sources */,
				2B79D058177479E70060DE41 /* UIImageView+AFNetworking.m in Sources */,
				2B79D052177479E70060DE41 /* AFImageRequestOperation.m in Sources */,
				2B79D051177479E70060DE41 /* AFHTTPRequestOperation.m in Sources */,
				2B3DFF4417CE620B00EC4032 /* LBAudioDetectiveFrame.m in Sources */,
				2B79D050177479E70060DE41 /* AFHTTPClient.m in Sources */,
				2B79D057177479E70060DE41 /* AFXMLRequestOperation.m in Sources */,
				2BA183CC17245839004CB1BC /* main.m in Sources */,
				2BA183D017245839004CB1BC /* LBAppDelegate.m in Sources */,
				2BA183D917245839004CB1BC /* LBTableViewController.m in Sources */,
				2B79D053177479E70060DE41 /* AFJSONRequestOperation.m in Sources */,
				2BA183E41724584C004CB1BC /* LBAudioDetective.m in Sources */,
				2BAD519817D107DA002827FB /* LBAudioDetectiveFingerprint.m in Sources */,
				2B79D055177479E70060DE41 /* AFPropertyListRequestOperation.m in Sources */,
				2B79D054177479E70060DE41 /* AFNetworkActivityIndicatorManager.m in Sources */,
			);
			runOnlyForDeploymentPostprocessing = 0;
		};
/* End PBXSourcesBuildPhase section */

/* Begin PBXTargetDependency section */
		2B8C5E2917C890B100B9F2EE /* PBXTargetDependency */ = {
			isa = PBXTargetDependency;
			target = 2BA183BB17245839004CB1BC /* LBAudioDetective */;
			targetProxy = 2B8C5E2817C890B100B9F2EE /* PBXContainerItemProxy */;
		};
/* End PBXTargetDependency section */

/* Begin PBXVariantGroup section */
		2B8C5E2217C890B000B9F2EE /* InfoPlist.strings */ = {
			isa = PBXVariantGroup;
			children = (
				2B8C5E2317C890B000B9F2EE /* en */,
			);
			name = InfoPlist.strings;
			sourceTree = "<group>";
		};
		2BA183C817245839004CB1BC /* InfoPlist.strings */ = {
			isa = PBXVariantGroup;
			children = (
				2BA183C917245839004CB1BC /* en */,
			);
			name = InfoPlist.strings;
			sourceTree = "<group>";
		};
/* End PBXVariantGroup section */

/* Begin XCBuildConfiguration section */
		2B8C5E2B17C890B100B9F2EE /* Debug */ = {
			isa = XCBuildConfiguration;
			buildSettings = {
				BUNDLE_LOADER = "$(BUILT_PRODUCTS_DIR)/LBAudioDetective.app/LBAudioDetective";
				CLANG_ENABLE_MODULES = YES;
				CLANG_WARN_BOOL_CONVERSION = YES;
				CLANG_WARN_DIRECT_OBJC_ISA_USAGE = YES_ERROR;
				CLANG_WARN_OBJC_ROOT_CLASS = YES_ERROR;
				FRAMEWORK_SEARCH_PATHS = (
					"$(SDKROOT)/Developer/Library/Frameworks",
					"$(inherited)",
					"$(DEVELOPER_FRAMEWORKS_DIR)",
				);
				GCC_PRECOMPILE_PREFIX_HEADER = YES;
				GCC_PREFIX_HEADER = "LBAudioDetectiveTests/LBAudioDetectiveTests-Prefix.pch";
				GCC_PREPROCESSOR_DEFINITIONS = (
					"DEBUG=1",
					"$(inherited)",
				);
				GCC_WARN_ABOUT_RETURN_TYPE = YES_ERROR;
				GCC_WARN_UNDECLARED_SELECTOR = YES;
				GCC_WARN_UNUSED_FUNCTION = YES;
				INFOPLIST_FILE = "LBAudioDetectiveTests/LBAudioDetectiveTests-Info.plist";
				IPHONEOS_DEPLOYMENT_TARGET = 7.0;
				PRODUCT_NAME = "$(TARGET_NAME)";
				TEST_HOST = "$(BUNDLE_LOADER)";
				WRAPPER_EXTENSION = xctest;
			};
			name = Debug;
		};
		2B8C5E2C17C890B100B9F2EE /* Release */ = {
			isa = XCBuildConfiguration;
			buildSettings = {
				BUNDLE_LOADER = "$(BUILT_PRODUCTS_DIR)/LBAudioDetective.app/LBAudioDetective";
				CLANG_ENABLE_MODULES = YES;
				CLANG_WARN_BOOL_CONVERSION = YES;
				CLANG_WARN_DIRECT_OBJC_ISA_USAGE = YES_ERROR;
				CLANG_WARN_OBJC_ROOT_CLASS = YES_ERROR;
				ENABLE_NS_ASSERTIONS = NO;
				FRAMEWORK_SEARCH_PATHS = (
					"$(SDKROOT)/Developer/Library/Frameworks",
					"$(inherited)",
					"$(DEVELOPER_FRAMEWORKS_DIR)",
				);
				GCC_PRECOMPILE_PREFIX_HEADER = YES;
				GCC_PREFIX_HEADER = "LBAudioDetectiveTests/LBAudioDetectiveTests-Prefix.pch";
				GCC_WARN_ABOUT_RETURN_TYPE = YES_ERROR;
				GCC_WARN_UNDECLARED_SELECTOR = YES;
				GCC_WARN_UNUSED_FUNCTION = YES;
				INFOPLIST_FILE = "LBAudioDetectiveTests/LBAudioDetectiveTests-Info.plist";
				IPHONEOS_DEPLOYMENT_TARGET = 7.0;
				PRODUCT_NAME = "$(TARGET_NAME)";
				TEST_HOST = "$(BUNDLE_LOADER)";
				WRAPPER_EXTENSION = xctest;
			};
			name = Release;
		};
		2BA183DD17245839004CB1BC /* Debug */ = {
			isa = XCBuildConfiguration;
			buildSettings = {
				ALWAYS_SEARCH_USER_PATHS = NO;
				CLANG_CXX_LANGUAGE_STANDARD = "gnu++0x";
				CLANG_CXX_LIBRARY = "libc++";
				CLANG_ENABLE_OBJC_ARC = YES;
				CLANG_WARN_CONSTANT_CONVERSION = YES;
				CLANG_WARN_EMPTY_BODY = YES;
				CLANG_WARN_ENUM_CONVERSION = YES;
				CLANG_WARN_INT_CONVERSION = YES;
				CLANG_WARN__DUPLICATE_METHOD_MATCH = YES;
				"CODE_SIGN_IDENTITY[sdk=iphoneos*]" = "iPhone Developer";
				COPY_PHASE_STRIP = NO;
				GCC_C_LANGUAGE_STANDARD = gnu99;
				GCC_DYNAMIC_NO_PIC = NO;
				GCC_OPTIMIZATION_LEVEL = 0;
				GCC_PREPROCESSOR_DEFINITIONS = (
					"DEBUG=1",
					"$(inherited)",
				);
				GCC_SYMBOLS_PRIVATE_EXTERN = NO;
				GCC_WARN_ABOUT_RETURN_TYPE = YES;
				GCC_WARN_UNINITIALIZED_AUTOS = YES;
				GCC_WARN_UNUSED_VARIABLE = YES;
				IPHONEOS_DEPLOYMENT_TARGET = 6.1;
				ONLY_ACTIVE_ARCH = YES;
				SDKROOT = iphoneos;
			};
			name = Debug;
		};
		2BA183DE17245839004CB1BC /* Release */ = {
			isa = XCBuildConfiguration;
			buildSettings = {
				ALWAYS_SEARCH_USER_PATHS = NO;
				CLANG_CXX_LANGUAGE_STANDARD = "gnu++0x";
				CLANG_CXX_LIBRARY = "libc++";
				CLANG_ENABLE_OBJC_ARC = YES;
				CLANG_WARN_CONSTANT_CONVERSION = YES;
				CLANG_WARN_EMPTY_BODY = YES;
				CLANG_WARN_ENUM_CONVERSION = YES;
				CLANG_WARN_INT_CONVERSION = YES;
				CLANG_WARN__DUPLICATE_METHOD_MATCH = YES;
				"CODE_SIGN_IDENTITY[sdk=iphoneos*]" = "iPhone Developer";
				COPY_PHASE_STRIP = YES;
				GCC_C_LANGUAGE_STANDARD = gnu99;
				GCC_WARN_ABOUT_RETURN_TYPE = YES;
				GCC_WARN_UNINITIALIZED_AUTOS = YES;
				GCC_WARN_UNUSED_VARIABLE = YES;
				IPHONEOS_DEPLOYMENT_TARGET = 6.1;
				OTHER_CFLAGS = "-DNS_BLOCK_ASSERTIONS=1";
				SDKROOT = iphoneos;
				VALIDATE_PRODUCT = YES;
			};
			name = Release;
		};
		2BA183E017245839004CB1BC /* Debug */ = {
			isa = XCBuildConfiguration;
			buildSettings = {
				GCC_PRECOMPILE_PREFIX_HEADER = YES;
				GCC_PREFIX_HEADER = "LBAudioDetective/LBAudioDetective-Prefix.pch";
				INFOPLIST_FILE = "LBAudioDetective/LBAudioDetective-Info.plist";
				IPHONEOS_DEPLOYMENT_TARGET = 6.1;
				PRODUCT_NAME = "$(TARGET_NAME)";
				TARGETED_DEVICE_FAMILY = "1,2";
				WRAPPER_EXTENSION = app;
			};
			name = Debug;
		};
		2BA183E117245839004CB1BC /* Release */ = {
			isa = XCBuildConfiguration;
			buildSettings = {
				GCC_PRECOMPILE_PREFIX_HEADER = YES;
				GCC_PREFIX_HEADER = "LBAudioDetective/LBAudioDetective-Prefix.pch";
				INFOPLIST_FILE = "LBAudioDetective/LBAudioDetective-Info.plist";
				IPHONEOS_DEPLOYMENT_TARGET = 6.1;
				PRODUCT_NAME = "$(TARGET_NAME)";
				TARGETED_DEVICE_FAMILY = "1,2";
				WRAPPER_EXTENSION = app;
			};
			name = Release;
		};
/* End XCBuildConfiguration section */

/* Begin XCConfigurationList section */
		2B8C5E2A17C890B100B9F2EE /* Build configuration list for PBXNativeTarget "LBAudioDetectiveTests" */ = {
			isa = XCConfigurationList;
			buildConfigurations = (
				2B8C5E2B17C890B100B9F2EE /* Debug */,
				2B8C5E2C17C890B100B9F2EE /* Release */,
			);
			defaultConfigurationIsVisible = 0;
			defaultConfigurationName = Release;
		};
		2BA183B717245839004CB1BC /* Build configuration list for PBXProject "LBAudioDetective" */ = {
			isa = XCConfigurationList;
			buildConfigurations = (
				2BA183DD17245839004CB1BC /* Debug */,
				2BA183DE17245839004CB1BC /* Release */,
			);
			defaultConfigurationIsVisible = 0;
			defaultConfigurationName = Release;
		};
		2BA183DF17245839004CB1BC /* Build configuration list for PBXNativeTarget "LBAudioDetective" */ = {
			isa = XCConfigurationList;
			buildConfigurations = (
				2BA183E017245839004CB1BC /* Debug */,
				2BA183E117245839004CB1BC /* Release */,
			);
			defaultConfigurationIsVisible = 0;
			defaultConfigurationName = Release;
		};
/* End XCConfigurationList section */
	};
	rootObject = 2BA183B417245839004CB1BC /* Project object */;
}
