// !$*UTF8*$!
{
	archiveVersion = 1;
	classes = {
	};
	objectVersion = 46;
	objects = {

/* Begin PBXBuildFile section */
		2B024DDB17C89632006F0355 /* Amsel.caf in Resources */ = {isa = PBXBuildFile; fileRef = 2B024DC917C89632006F0355 /* Amsel.caf */; };
		2B024DDC17C89632006F0355 /* Amsel.caf in Resources */ = {isa = PBXBuildFile; fileRef = 2B024DC917C89632006F0355 /* Amsel.caf */; };
		2B024DDD17C89632006F0355 /* Blaumeise.caf in Resources */ = {isa = PBXBuildFile; fileRef = 2B024DCA17C89632006F0355 /* Blaumeise.caf */; };
		2B024DDE17C89632006F0355 /* Blaumeise.caf in Resources */ = {isa = PBXBuildFile; fileRef = 2B024DCA17C89632006F0355 /* Blaumeise.caf */; };
		2B024DDF17C89632006F0355 /* Buchfink.caf in Resources */ = {isa = PBXBuildFile; fileRef = 2B024DCB17C89632006F0355 /* Buchfink.caf */; };
		2B024DE017C89632006F0355 /* Buchfink.caf in Resources */ = {isa = PBXBuildFile; fileRef = 2B024DCB17C89632006F0355 /* Buchfink.caf */; };
		2B024DE117C89632006F0355 /* Haussperling.caf in Resources */ = {isa = PBXBuildFile; fileRef = 2B024DCC17C89632006F0355 /* Haussperling.caf */; };
		2B024DE217C89632006F0355 /* Haussperling.caf in Resources */ = {isa = PBXBuildFile; fileRef = 2B024DCC17C89632006F0355 /* Haussperling.caf */; };
		2B024DE317C89632006F0355 /* Kohlmeise.caf in Resources */ = {isa = PBXBuildFile; fileRef = 2B024DCD17C89632006F0355 /* Kohlmeise.caf */; };
		2B024DE417C89632006F0355 /* Kohlmeise.caf in Resources */ = {isa = PBXBuildFile; fileRef = 2B024DCD17C89632006F0355 /* Kohlmeise.caf */; };
		2B024DE517C89632006F0355 /* Rabenkraehe.caf in Resources */ = {isa = PBXBuildFile; fileRef = 2B024DCE17C89632006F0355 /* Rabenkraehe.caf */; };
		2B024DE617C89632006F0355 /* Rabenkraehe.caf in Resources */ = {isa = PBXBuildFile; fileRef = 2B024DCE17C89632006F0355 /* Rabenkraehe.caf */; };
		2B024DE717C89638006F0355 /* LBAudioDetective.mm in Sources */ = {isa = PBXBuildFile; fileRef = 2BA183E31724584C004CB1BC /* LBAudioDetective.mm */; };
		2B024DE917C8965C006F0355 /* Images.xcassets in Resources */ = {isa = PBXBuildFile; fileRef = 2B024DE817C8965C006F0355 /* Images.xcassets */; };
		2B3DFF4417CE620B00EC4032 /* LBAudioDetectiveFrame.m in Sources */ = {isa = PBXBuildFile; fileRef = 2B3DFF4317CE620B00EC4032 /* LBAudioDetectiveFrame.m */; };
		2B494BDD172806A500FFB6FC /* Accelerate.framework in Frameworks */ = {isa = PBXBuildFile; fileRef = 2B494BDC172806A500FFB6FC /* Accelerate.framework */; };
		2B5A8DDF17E4B982004D5D08 /* LBAudioDetectiveFrame.m in Sources */ = {isa = PBXBuildFile; fileRef = 2B3DFF4317CE620B00EC4032 /* LBAudioDetectiveFrame.m */; };
		2B62EA2417D7B1D00047A547 /* CARingBuffer.cpp in Sources */ = {isa = PBXBuildFile; fileRef = 2B62EA2217D7B1D00047A547 /* CARingBuffer.cpp */; };
		2B62EA2517D7B1D00047A547 /* CARingBuffer.cpp in Sources */ = {isa = PBXBuildFile; fileRef = 2B62EA2217D7B1D00047A547 /* CARingBuffer.cpp */; };
		2B79D050177479E70060DE41 /* AFHTTPClient.m in Sources */ = {isa = PBXBuildFile; fileRef = 2B79D03E177479E70060DE41 /* AFHTTPClient.m */; };
		2B79D051177479E70060DE41 /* AFHTTPRequestOperation.m in Sources */ = {isa = PBXBuildFile; fileRef = 2B79D040177479E70060DE41 /* AFHTTPRequestOperation.m */; };
		2B79D052177479E70060DE41 /* AFImageRequestOperation.m in Sources */ = {isa = PBXBuildFile; fileRef = 2B79D042177479E70060DE41 /* AFImageRequestOperation.m */; };
		2B79D053177479E70060DE41 /* AFJSONRequestOperation.m in Sources */ = {isa = PBXBuildFile; fileRef = 2B79D044177479E70060DE41 /* AFJSONRequestOperation.m */; };
		2B79D054177479E70060DE41 /* AFNetworkActivityIndicatorManager.m in Sources */ = {isa = PBXBuildFile; fileRef = 2B79D046177479E70060DE41 /* AFNetworkActivityIndicatorManager.m */; };
		2B79D055177479E70060DE41 /* AFPropertyListRequestOperation.m in Sources */ = {isa = PBXBuildFile; fileRef = 2B79D049177479E70060DE41 /* AFPropertyListRequestOperation.m */; };
		2B79D056177479E70060DE41 /* AFURLConnectionOperation.m in Sources */ = {isa = PBXBuildFile; fileRef = 2B79D04B177479E70060DE41 /* AFURLConnectionOperation.m */; };
		2B79D057177479E70060DE41 /* AFXMLRequestOperation.m in Sources */ = {isa = PBXBuildFile; fileRef = 2B79D04D177479E70060DE41 /* AFXMLRequestOperation.m */; };
		2B79D058177479E70060DE41 /* UIImageView+AFNetworking.m in Sources */ = {isa = PBXBuildFile; fileRef = 2B79D04F177479E70060DE41 /* UIImageView+AFNetworking.m */; };
		2B7AFE1617D70FC000B8EAD9 /* CoreAudio.framework in Frameworks */ = {isa = PBXBuildFile; fileRef = 2B7AFE1517D70FC000B8EAD9 /* CoreAudio.framework */; };
		2B8C5E1C17C890B000B9F2EE /* XCTest.framework in Frameworks */ = {isa = PBXBuildFile; fileRef = 2B8C5E0517C8908900B9F2EE /* XCTest.framework */; };
		2B8C5E1D17C890B000B9F2EE /* Foundation.framework in Frameworks */ = {isa = PBXBuildFile; fileRef = 2BA183C117245839004CB1BC /* Foundation.framework */; };
		2B8C5E1E17C890B000B9F2EE /* UIKit.framework in Frameworks */ = {isa = PBXBuildFile; fileRef = 2BA183BF17245839004CB1BC /* UIKit.framework */; };
		2B8C5E2417C890B000B9F2EE /* InfoPlist.strings in Resources */ = {isa = PBXBuildFile; fileRef = 2B8C5E2217C890B000B9F2EE /* InfoPlist.strings */; };
		2B8C5E2617C890B000B9F2EE /* LBAudioDetectiveTests.m in Sources */ = {isa = PBXBuildFile; fileRef = 2B8C5E2517C890B000B9F2EE /* LBAudioDetectiveTests.m */; };
		2BA183C017245839004CB1BC /* UIKit.framework in Frameworks */ = {isa = PBXBuildFile; fileRef = 2BA183BF17245839004CB1BC /* UIKit.framework */; };
		2BA183C217245839004CB1BC /* Foundation.framework in Frameworks */ = {isa = PBXBuildFile; fileRef = 2BA183C117245839004CB1BC /* Foundation.framework */; };
		2BA183C417245839004CB1BC /* CoreGraphics.framework in Frameworks */ = {isa = PBXBuildFile; fileRef = 2BA183C317245839004CB1BC /* CoreGraphics.framework */; };
		2BA183CA17245839004CB1BC /* InfoPlist.strings in Resources */ = {isa = PBXBuildFile; fileRef = 2BA183C817245839004CB1BC /* InfoPlist.strings */; };
		2BA183CC17245839004CB1BC /* main.m in Sources */ = {isa = PBXBuildFile; fileRef = 2BA183CB17245839004CB1BC /* main.m */; };
		2BA183D017245839004CB1BC /* LBAppDelegate.m in Sources */ = {isa = PBXBuildFile; fileRef = 2BA183CF17245839004CB1BC /* LBAppDelegate.m */; };
		2BA183D917245839004CB1BC /* LBTableViewController.m in Sources */ = {isa = PBXBuildFile; fileRef = 2BA183D817245839004CB1BC /* LBTableViewController.m */; };
		2BA183E41724584C004CB1BC /* LBAudioDetective.mm in Sources */ = {isa = PBXBuildFile; fileRef = 2BA183E31724584C004CB1BC /* LBAudioDetective.mm */; };
		2BA183EC1724631E004CB1BC /* AudioToolbox.framework in Frameworks */ = {isa = PBXBuildFile; fileRef = 2BA183EB1724631E004CB1BC /* AudioToolbox.framework */; };
		2BAD516317D0BBA2002827FB /* Amsel_org.caf in Resources */ = {isa = PBXBuildFile; fileRef = 2BAD515D17D0BB32002827FB /* Amsel_org.caf */; };
		2BAD516417D0BBA4002827FB /* Blaumeise_org.caf in Resources */ = {isa = PBXBuildFile; fileRef = 2BAD515E17D0BB32002827FB /* Blaumeise_org.caf */; };
		2BAD516517D0BBA8002827FB /* Buchfink_org.caf in Resources */ = {isa = PBXBuildFile; fileRef = 2BAD515F17D0BB32002827FB /* Buchfink_org.caf */; };
		2BAD516617D0BBA8002827FB /* Haussperling_org.caf in Resources */ = {isa = PBXBuildFile; fileRef = 2BAD516017D0BB32002827FB /* Haussperling_org.caf */; };
		2BAD516717D0BBA8002827FB /* Kohlmeise_org.caf in Resources */ = {isa = PBXBuildFile; fileRef = 2BAD516117D0BB32002827FB /* Kohlmeise_org.caf */; };
		2BAD516817D0BBA8002827FB /* Rabenkraehe_org.caf in Resources */ = {isa = PBXBuildFile; fileRef = 2BAD516217D0BB32002827FB /* Rabenkraehe_org.caf */; };
		2BAD516917D0BBAF002827FB /* Amsel_org.caf in Resources */ = {isa = PBXBuildFile; fileRef = 2BAD515D17D0BB32002827FB /* Amsel_org.caf */; };
		2BAD516A17D0BBAF002827FB /* Blaumeise_org.caf in Resources */ = {isa = PBXBuildFile; fileRef = 2BAD515E17D0BB32002827FB /* Blaumeise_org.caf */; };
		2BAD516B17D0BBAF002827FB /* Buchfink_org.caf in Resources */ = {isa = PBXBuildFile; fileRef = 2BAD515F17D0BB32002827FB /* Buchfink_org.caf */; };
		2BAD516C17D0BBAF002827FB /* Haussperling_org.caf in Resources */ = {isa = PBXBuildFile; fileRef = 2BAD516017D0BB32002827FB /* Haussperling_org.caf */; };
		2BAD516D17D0BBAF002827FB /* Kohlmeise_org.caf in Resources */ = {isa = PBXBuildFile; fileRef = 2BAD516117D0BB32002827FB /* Kohlmeise_org.caf */; };
		2BAD516E17D0BBAF002827FB /* Rabenkraehe_org.caf in Resources */ = {isa = PBXBuildFile; fileRef = 2BAD516217D0BB32002827FB /* Rabenkraehe_org.caf */; };
		2BAD519817D107DA002827FB /* LBAudioDetectiveFingerprint.m in Sources */ = {isa = PBXBuildFile; fileRef = 2BAD519717D107DA002827FB /* LBAudioDetectiveFingerprint.m */; };
		2BAD519917D107DA002827FB /* LBAudioDetectiveFingerprint.m in Sources */ = {isa = PBXBuildFile; fileRef = 2BAD519717D107DA002827FB /* LBAudioDetectiveFingerprint.m */; };
		2BBC2D021726C679004A0163 /* AVFoundation.framework in Frameworks */ = {isa = PBXBuildFile; fileRef = 2BBC2D011726C679004A0163 /* AVFoundation.framework */; };
		2BD4062917E4B2AD0069625F /* Amsel.mp3 in Resources */ = {isa = PBXBuildFile; fileRef = 2BD4062817E4B2AD0069625F /* Amsel.mp3 */; };
		2BD4062A17E4B2AD0069625F /* Amsel.mp3 in Resources */ = {isa = PBXBuildFile; fileRef = 2BD4062817E4B2AD0069625F /* Amsel.mp3 */; };
/* End PBXBuildFile section */

/* Begin PBXContainerItemProxy section */
		2B8C5E2817C890B100B9F2EE /* PBXContainerItemProxy */ = {
			isa = PBXContainerItemProxy;
			containerPortal = 2BA183B417245839004CB1BC /* Project object */;
			proxyType = 1;
			remoteGlobalIDString = 2BA183BB17245839004CB1BC;
			remoteInfo = LBAudioDetective;
		};
/* End PBXContainerItemProxy section */

/* Begin PBXFileReference section */
		2B024DC917C89632006F0355 /* Amsel.caf */ = {isa = PBXFileReference; lastKnownFileType = file; path = Amsel.caf; sourceTree = "<group>"; };
		2B024DCA17C89632006F0355 /* Blaumeise.caf */ = {isa = PBXFileReference; lastKnownFileType = file; path = Blaumeise.caf; sourceTree = "<group>"; };
		2B024DCB17C89632006F0355 /* Buchfink.caf */ = {isa = PBXFileReference; lastKnownFileType = file; path = Buchfink.caf; sourceTree = "<group>"; };
		2B024DCC17C89632006F0355 /* Haussperling.caf */ = {isa = PBXFileReference; lastKnownFileType = file; path = Haussperling.caf; sourceTree = "<group>"; };
		2B024DCD17C89632006F0355 /* Kohlmeise.caf */ = {isa = PBXFileReference; lastKnownFileType = file; path = Kohlmeise.caf; sourceTree = "<group>"; };
		2B024DCE17C89632006F0355 /* Rabenkraehe.caf */ = {isa = PBXFileReference; lastKnownFileType = file; path = Rabenkraehe.caf; sourceTree = "<group>"; };
		2B024DE817C8965C006F0355 /* Images.xcassets */ = {isa = PBXFileReference; lastKnownFileType = folder.assetcatalog; path = Images.xcassets; sourceTree = "<group>"; };
		2B3DFF4217CE620B00EC4032 /* LBAudioDetectiveFrame.h */ = {isa = PBXFileReference; fileEncoding = 4; lastKnownFileType = sourcecode.c.h; path = LBAudioDetectiveFrame.h; sourceTree = "<group>"; };
		2B3DFF4317CE620B00EC4032 /* LBAudioDetectiveFrame.m */ = {isa = PBXFileReference; fileEncoding = 4; lastKnownFileType = sourcecode.c.objc; path = LBAudioDetectiveFrame.m; sourceTree = "<group>"; };
		2B494BDC172806A500FFB6FC /* Accelerate.framework */ = {isa = PBXFileReference; lastKnownFileType = wrapper.framework; name = Accelerate.framework; path = System/Library/Frameworks/Accelerate.framework; sourceTree = SDKROOT; };
		2B62EA2217D7B1D00047A547 /* CARingBuffer.cpp */ = {isa = PBXFileReference; fileEncoding = 4; lastKnownFileType = sourcecode.cpp.cpp; name = CARingBuffer.cpp; path = ../../../../../../../../Developer/Extras/CoreAudio/PublicUtility/CARingBuffer.cpp; sourceTree = "<group>"; };
		2B62EA2317D7B1D00047A547 /* CARingBuffer.h */ = {isa = PBXFileReference; fileEncoding = 4; lastKnownFileType = sourcecode.c.h; name = CARingBuffer.h; path = ../../../../../../../../Developer/Extras/CoreAudio/PublicUtility/CARingBuffer.h; sourceTree = "<group>"; };
		2B79D03D177479E70060DE41 /* AFHTTPClient.h */ = {isa = PBXFileReference; fileEncoding = 4; lastKnownFileType = sourcecode.c.h; path = AFHTTPClient.h; sourceTree = "<group>"; };
		2B79D03E177479E70060DE41 /* AFHTTPClient.m */ = {isa = PBXFileReference; fileEncoding = 4; lastKnownFileType = sourcecode.c.objc; path = AFHTTPClient.m; sourceTree = "<group>"; };
		2B79D03F177479E70060DE41 /* AFHTTPRequestOperation.h */ = {isa = PBXFileReference; fileEncoding = 4; lastKnownFileType = sourcecode.c.h; path = AFHTTPRequestOperation.h; sourceTree = "<group>"; };
		2B79D040177479E70060DE41 /* AFHTTPRequestOperation.m */ = {isa = PBXFileReference; fileEncoding = 4; lastKnownFileType = sourcecode.c.objc; path = AFHTTPRequestOperation.m; sourceTree = "<group>"; };
		2B79D041177479E70060DE41 /* AFImageRequestOperation.h */ = {isa = PBXFileReference; fileEncoding = 4; lastKnownFileType = sourcecode.c.h; path = AFImageRequestOperation.h; sourceTree = "<group>"; };
		2B79D042177479E70060DE41 /* AFImageRequestOperation.m */ = {isa = PBXFileReference; fileEncoding = 4; lastKnownFileType = sourcecode.c.objc; path = AFImageRequestOperation.m; sourceTree = "<group>"; };
		2B79D043177479E70060DE41 /* AFJSONRequestOperation.h */ = {isa = PBXFileReference; fileEncoding = 4; lastKnownFileType = sourcecode.c.h; path = AFJSONRequestOperation.h; sourceTree = "<group>"; };
		2B79D044177479E70060DE41 /* AFJSONRequestOperation.m */ = {isa = PBXFileReference; fileEncoding = 4; lastKnownFileType = sourcecode.c.objc; path = AFJSONRequestOperation.m; sourceTree = "<group>"; };
		2B79D045177479E70060DE41 /* AFNetworkActivityIndicatorManager.h */ = {isa = PBXFileReference; fileEncoding = 4; lastKnownFileType = sourcecode.c.h; path = AFNetworkActivityIndicatorManager.h; sourceTree = "<group>"; };
		2B79D046177479E70060DE41 /* AFNetworkActivityIndicatorManager.m */ = {isa = PBXFileReference; fileEncoding = 4; lastKnownFileType = sourcecode.c.objc; path = AFNetworkActivityIndicatorManager.m; sourceTree = "<group>"; };
		2B79D047177479E70060DE41 /* AFNetworking.h */ = {isa = PBXFileReference; fileEncoding = 4; lastKnownFileType = sourcecode.c.h; path = AFNetworking.h; sourceTree = "<group>"; };
		2B79D048177479E70060DE41 /* AFPropertyListRequestOperation.h */ = {isa = PBXFileReference; fileEncoding = 4; lastKnownFileType = sourcecode.c.h; path = AFPropertyListRequestOperation.h; sourceTree = "<group>"; };
		2B79D049177479E70060DE41 /* AFPropertyListRequestOperation.m */ = {isa = PBXFileReference; fileEncoding = 4; lastKnownFileType = sourcecode.c.objc; path = AFPropertyListRequestOperation.m; sourceTree = "<group>"; };
		2B79D04A177479E70060DE41 /* AFURLConnectionOperation.h */ = {isa = PBXFileReference; fileEncoding = 4; lastKnownFileType = sourcecode.c.h; path = AFURLConnectionOperation.h; sourceTree = "<group>"; };
		2B79D04B177479E70060DE41 /* AFURLConnectionOperation.m */ = {isa = PBXFileReference; fileEncoding = 4; lastKnownFileType = sourcecode.c.objc; path = AFURLConnectionOperation.m; sourceTree = "<group>"; };
		2B79D04C177479E70060DE41 /* AFXMLRequestOperation.h */ = {isa = PBXFileReference; fileEncoding = 4; lastKnownFileType = sourcecode.c.h; path = AFXMLRequestOperation.h; sourceTree = "<group>"; };
		2B79D04D177479E70060DE41 /* AFXMLRequestOperation.m */ = {isa = PBXFileReference; fileEncoding = 4; lastKnownFileType = sourcecode.c.objc; path = AFXMLRequestOperation.m; sourceTree = "<group>"; };
		2B79D04E177479E70060DE41 /* UIImageView+AFNetworking.h */ = {isa = PBXFileReference; fileEncoding = 4; lastKnownFileType = sourcecode.c.h; path = "UIImageView+AFNetworking.h"; sourceTree = "<group>"; };
		2B79D04F177479E70060DE41 /* UIImageView+AFNetworking.m */ = {isa = PBXFileReference; fileEncoding = 4; lastKnownFileType = sourcecode.c.objc; path = "UIImageView+AFNetworking.m"; sourceTree = "<group>"; };
		2B79D05917747D4F0060DE41 /* MobileCoreServices.framework */ = {isa = PBXFileReference; lastKnownFileType = wrapper.framework; name = MobileCoreServices.framework; path = System/Library/Frameworks/MobileCoreServices.framework; sourceTree = SDKROOT; };
		2B7AFE1517D70FC000B8EAD9 /* CoreAudio.framework */ = {isa = PBXFileReference; lastKnownFileType = wrapper.framework; name = CoreAudio.framework; path = System/Library/Frameworks/CoreAudio.framework; sourceTree = SDKROOT; };
		2B7AFE1917D783B800B8EAD9 /* CABitOperations.h */ = {isa = PBXFileReference; fileEncoding = 4; lastKnownFileType = sourcecode.c.h; name = CABitOperations.h; path = ../../../../../../../../Developer/Extras/CoreAudio/PublicUtility/CABitOperations.h; sourceTree = "<group>"; };
		2B7AFE1A17D783D700B8EAD9 /* CAAutoDisposer.h */ = {isa = PBXFileReference; fileEncoding = 4; lastKnownFileType = sourcecode.c.h; name = CAAutoDisposer.h; path = ../../../../../../../../Developer/Extras/CoreAudio/PublicUtility/CAAutoDisposer.h; sourceTree = "<group>"; };
		2B7AFE2217D7841D00B8EAD9 /* CAAtomic.h */ = {isa = PBXFileReference; fileEncoding = 4; lastKnownFileType = sourcecode.c.h; name = CAAtomic.h; path = ../../../../../../../../Developer/Extras/CoreAudio/PublicUtility/CAAtomic.h; sourceTree = "<group>"; };
		2B8C5E0517C8908900B9F2EE /* XCTest.framework */ = {isa = PBXFileReference; lastKnownFileType = wrapper.framework; name = XCTest.framework; path = Library/Frameworks/XCTest.framework; sourceTree = DEVELOPER_DIR; };
		2B8C5E1B17C890B000B9F2EE /* LBAudioDetectiveTests.xctest */ = {isa = PBXFileReference; explicitFileType = wrapper.cfbundle; includeInIndex = 0; path = LBAudioDetectiveTests.xctest; sourceTree = BUILT_PRODUCTS_DIR; };
		2B8C5E2117C890B000B9F2EE /* LBAudioDetectiveTests-Info.plist */ = {isa = PBXFileReference; lastKnownFileType = text.plist.xml; path = "LBAudioDetectiveTests-Info.plist"; sourceTree = "<group>"; };
		2B8C5E2317C890B000B9F2EE /* en */ = {isa = PBXFileReference; lastKnownFileType = text.plist.strings; name = en; path = en.lproj/InfoPlist.strings; sourceTree = "<group>"; };
		2B8C5E2517C890B000B9F2EE /* LBAudioDetectiveTests.m */ = {isa = PBXFileReference; lastKnownFileType = sourcecode.c.objc; path = LBAudioDetectiveTests.m; sourceTree = "<group>"; };
		2B8C5E2717C890B000B9F2EE /* LBAudioDetectiveTests-Prefix.pch */ = {isa = PBXFileReference; lastKnownFileType = sourcecode.c.h; path = "LBAudioDetectiveTests-Prefix.pch"; sourceTree = "<group>"; };
		2BA183BC17245839004CB1BC /* LBAudioDetective.app */ = {isa = PBXFileReference; explicitFileType = wrapper.application; includeInIndex = 0; path = LBAudioDetective.app; sourceTree = BUILT_PRODUCTS_DIR; };
		2BA183BF17245839004CB1BC /* UIKit.framework */ = {isa = PBXFileReference; lastKnownFileType = wrapper.framework; name = UIKit.framework; path = System/Library/Frameworks/UIKit.framework; sourceTree = SDKROOT; };
		2BA183C117245839004CB1BC /* Foundation.framework */ = {isa = PBXFileReference; lastKnownFileType = wrapper.framework; name = Foundation.framework; path = System/Library/Frameworks/Foundation.framework; sourceTree = SDKROOT; };
		2BA183C317245839004CB1BC /* CoreGraphics.framework */ = {isa = PBXFileReference; lastKnownFileType = wrapper.framework; name = CoreGraphics.framework; path = System/Library/Frameworks/CoreGraphics.framework; sourceTree = SDKROOT; };
		2BA183C717245839004CB1BC /* LBAudioDetective-Info.plist */ = {isa = PBXFileReference; lastKnownFileType = text.plist.xml; path = "LBAudioDetective-Info.plist"; sourceTree = "<group>"; };
		2BA183C917245839004CB1BC /* en */ = {isa = PBXFileReference; lastKnownFileType = text.plist.strings; name = en; path = en.lproj/InfoPlist.strings; sourceTree = "<group>"; };
		2BA183CB17245839004CB1BC /* main.m */ = {isa = PBXFileReference; lastKnownFileType = sourcecode.c.objc; path = main.m; sourceTree = "<group>"; };
		2BA183CD17245839004CB1BC /* LBAudioDetective-Prefix.pch */ = {isa = PBXFileReference; lastKnownFileType = sourcecode.c.h; path = "LBAudioDetective-Prefix.pch"; sourceTree = "<group>"; };
		2BA183CE17245839004CB1BC /* LBAppDelegate.h */ = {isa = PBXFileReference; lastKnownFileType = sourcecode.c.h; path = LBAppDelegate.h; sourceTree = "<group>"; };
		2BA183CF17245839004CB1BC /* LBAppDelegate.m */ = {isa = PBXFileReference; lastKnownFileType = sourcecode.c.objc; path = LBAppDelegate.m; sourceTree = "<group>"; };
		2BA183D717245839004CB1BC /* LBTableViewController.h */ = {isa = PBXFileReference; lastKnownFileType = sourcecode.c.h; path = LBTableViewController.h; sourceTree = "<group>"; };
		2BA183D817245839004CB1BC /* LBTableViewController.m */ = {isa = PBXFileReference; lastKnownFileType = sourcecode.c.objc; path = LBTableViewController.m; sourceTree = "<group>"; };
		2BA183E21724584C004CB1BC /* LBAudioDetective.h */ = {isa = PBXFileReference; fileEncoding = 4; lastKnownFileType = sourcecode.c.h; path = LBAudioDetective.h; sourceTree = "<group>"; };
		2BA183E31724584C004CB1BC /* LBAudioDetective.mm */ = {isa = PBXFileReference; fileEncoding = 4; lastKnownFileType = sourcecode.cpp.objcpp; path = LBAudioDetective.mm; sourceTree = "<group>"; };
		2BA183EB1724631E004CB1BC /* AudioToolbox.framework */ = {isa = PBXFileReference; lastKnownFileType = wrapper.framework; name = AudioToolbox.framework; path = System/Library/Frameworks/AudioToolbox.framework; sourceTree = SDKROOT; };
		2BA183ED17246329004CB1BC /* AudioUnit.framework */ = {isa = PBXFileReference; lastKnownFileType = wrapper.framework; name = AudioUnit.framework; path = System/Library/Frameworks/AudioUnit.framework; sourceTree = SDKROOT; };
		2BAD515D17D0BB32002827FB /* Amsel_org.caf */ = {isa = PBXFileReference; lastKnownFileType = file; path = Amsel_org.caf; sourceTree = "<group>"; };
		2BAD515E17D0BB32002827FB /* Blaumeise_org.caf */ = {isa = PBXFileReference; lastKnownFileType = file; path = Blaumeise_org.caf; sourceTree = "<group>"; };
		2BAD515F17D0BB32002827FB /* Buchfink_org.caf */ = {isa = PBXFileReference; lastKnownFileType = file; path = Buchfink_org.caf; sourceTree = "<group>"; };
		2BAD516017D0BB32002827FB /* Haussperling_org.caf */ = {isa = PBXFileReference; lastKnownFileType = file; path = Haussperling_org.caf; sourceTree = "<group>"; };
		2BAD516117D0BB32002827FB /* Kohlmeise_org.caf */ = {isa = PBXFileReference; lastKnownFileType = file; path = Kohlmeise_org.caf; sourceTree = "<group>"; };
		2BAD516217D0BB32002827FB /* Rabenkraehe_org.caf */ = {isa = PBXFileReference; lastKnownFileType = file; path = Rabenkraehe_org.caf; sourceTree = "<group>"; };
		2BAD519617D107DA002827FB /* LBAudioDetectiveFingerprint.h */ = {isa = PBXFileReference; fileEncoding = 4; lastKnownFileType = sourcecode.c.h; path = LBAudioDetectiveFingerprint.h; sourceTree = "<group>"; };
		2BAD519717D107DA002827FB /* LBAudioDetectiveFingerprint.m */ = {isa = PBXFileReference; fileEncoding = 4; lastKnownFileType = sourcecode.c.objc; path = LBAudioDetectiveFingerprint.m; sourceTree = "<group>"; };
		2BBC2D011726C679004A0163 /* AVFoundation.framework */ = {isa = PBXFileReference; lastKnownFileType = wrapper.framework; name = AVFoundation.framework; path = System/Library/Frameworks/AVFoundation.framework; sourceTree = SDKROOT; };
		2BD4062817E4B2AD0069625F /* Amsel.mp3 */ = {isa = PBXFileReference; lastKnownFileType = audio.mp3; path = Amsel.mp3; sourceTree = "<group>"; };
/* End PBXFileReference section */

/* Begin PBXFrameworksBuildPhase section */
		2B8C5E1817C890B000B9F2EE /* Frameworks */ = {
			isa = PBXFrameworksBuildPhase;
			buildActionMask = 2147483647;
			files = (
				2B8C5E1C17C890B000B9F2EE /* XCTest.framework in Frameworks */,
				2B8C5E1E17C890B000B9F2EE /* UIKit.framework in Frameworks */,
				2B8C5E1D17C890B000B9F2EE /* Foundation.framework in Frameworks */,
			);
			runOnlyForDeploymentPostprocessing = 0;
		};
		2BA183B917245839004CB1BC /* Frameworks */ = {
			isa = PBXFrameworksBuildPhase;
			buildActionMask = 2147483647;
			files = (
				2B7AFE1617D70FC000B8EAD9 /* CoreAudio.framework in Frameworks */,
				2B494BDD172806A500FFB6FC /* Accelerate.framework in Frameworks */,
				2BA183EC1724631E004CB1BC /* AudioToolbox.framework in Frameworks */,
				2BBC2D021726C679004A0163 /* AVFoundation.framework in Frameworks */,
				2BA183C417245839004CB1BC /* CoreGraphics.framework in Frameworks */,
				2BA183C217245839004CB1BC /* Foundation.framework in Frameworks */,
				2BA183C017245839004CB1BC /* UIKit.framework in Frameworks */,
			);
			runOnlyForDeploymentPostprocessing = 0;
		};
/* End PBXFrameworksBuildPhase section */

/* Begin PBXGroup section */
		2B024DC017C89632006F0355 /* Birds */ = {
			isa = PBXGroup;
			children = (
				2B024DC117C89632006F0355 /* Archive */,
				2B024DC817C89632006F0355 /* Sequences */,
			);
			path = Birds;
			sourceTree = "<group>";
		};
		2B024DC117C89632006F0355 /* Archive */ = {
			isa = PBXGroup;
			children = (
				2BAD515D17D0BB32002827FB /* Amsel_org.caf */,
				2BAD515E17D0BB32002827FB /* Blaumeise_org.caf */,
				2BAD515F17D0BB32002827FB /* Buchfink_org.caf */,
				2BAD516017D0BB32002827FB /* Haussperling_org.caf */,
				2BAD516117D0BB32002827FB /* Kohlmeise_org.caf */,
				2BAD516217D0BB32002827FB /* Rabenkraehe_org.caf */,
			);
			path = Archive;
			sourceTree = "<group>";
		};
		2B024DC817C89632006F0355 /* Sequences */ = {
			isa = PBXGroup;
			children = (
				2BD4062817E4B2AD0069625F /* Amsel.mp3 */,
				2B024DC917C89632006F0355 /* Amsel.caf */,
				2B024DCA17C89632006F0355 /* Blaumeise.caf */,
				2B024DCB17C89632006F0355 /* Buchfink.caf */,
				2B024DCC17C89632006F0355 /* Haussperling.caf */,
				2B024DCD17C89632006F0355 /* Kohlmeise.caf */,
				2B024DCE17C89632006F0355 /* Rabenkraehe.caf */,
			);
			path = Sequences;
			sourceTree = "<group>";
		};
		2B79D03B177479BF0060DE41 /* Externals */ = {
			isa = PBXGroup;
			children = (
				2B7AFE1217D70EC300B8EAD9 /* CARingBuffer */,
				2B79D03C177479E70060DE41 /* AFNetworking */,
			);
			path = Externals;
			sourceTree = "<group>";
		};
		2B79D03C177479E70060DE41 /* AFNetworking */ = {
			isa = PBXGroup;
			children = (
				2B79D03D177479E70060DE41 /* AFHTTPClient.h */,
				2B79D03E177479E70060DE41 /* AFHTTPClient.m */,
				2B79D03F177479E70060DE41 /* AFHTTPRequestOperation.h */,
				2B79D040177479E70060DE41 /* AFHTTPRequestOperation.m */,
				2B79D041177479E70060DE41 /* AFImageRequestOperation.h */,
				2B79D042177479E70060DE41 /* AFImageRequestOperation.m */,
				2B79D043177479E70060DE41 /* AFJSONRequestOperation.h */,
				2B79D044177479E70060DE41 /* AFJSONRequestOperation.m */,
				2B79D045177479E70060DE41 /* AFNetworkActivityIndicatorManager.h */,
				2B79D046177479E70060DE41 /* AFNetworkActivityIndicatorManager.m */,
				2B79D047177479E70060DE41 /* AFNetworking.h */,
				2B79D048177479E70060DE41 /* AFPropertyListRequestOperation.h */,
				2B79D049177479E70060DE41 /* AFPropertyListRequestOperation.m */,
				2B79D04A177479E70060DE41 /* AFURLConnectionOperation.h */,
				2B79D04B177479E70060DE41 /* AFURLConnectionOperation.m */,
				2B79D04C177479E70060DE41 /* AFXMLRequestOperation.h */,
				2B79D04D177479E70060DE41 /* AFXMLRequestOperation.m */,
				2B79D04E177479E70060DE41 /* UIImageView+AFNetworking.h */,
				2B79D04F177479E70060DE41 /* UIImageView+AFNetworking.m */,
			);
			path = AFNetworking;
			sourceTree = "<group>";
		};
		2B7AFE1217D70EC300B8EAD9 /* CARingBuffer */ = {
			isa = PBXGroup;
			children = (
				2B62EA2217D7B1D00047A547 /* CARingBuffer.cpp */,
				2B62EA2317D7B1D00047A547 /* CARingBuffer.h */,
				2B7AFE1A17D783D700B8EAD9 /* CAAutoDisposer.h */,
				2B7AFE1917D783B800B8EAD9 /* CABitOperations.h */,
				2B7AFE2217D7841D00B8EAD9 /* CAAtomic.h */,
			);
			name = CARingBuffer;
			sourceTree = "<group>";
		};
		2B8C5DFC17C88F3300B9F2EE /* Source Code */ = {
			isa = PBXGroup;
			children = (
				2BA183E51724585A004CB1BC /* Vendor */,
				2BA183CE17245839004CB1BC /* LBAppDelegate.h */,
				2BA183CF17245839004CB1BC /* LBAppDelegate.m */,
				2BA183D717245839004CB1BC /* LBTableViewController.h */,
				2BA183D817245839004CB1BC /* LBTableViewController.m */,
				2B79D03B177479BF0060DE41 /* Externals */,
			);
			path = "Source Code";
			sourceTree = "<group>";
		};
		2B8C5E1F17C890B000B9F2EE /* LBAudioDetectiveTests */ = {
			isa = PBXGroup;
			children = (
				2B8C5E2517C890B000B9F2EE /* LBAudioDetectiveTests.m */,
				2B8C5E2017C890B000B9F2EE /* Supporting Files */,
			);
			path = LBAudioDetectiveTests;
			sourceTree = "<group>";
		};
		2B8C5E2017C890B000B9F2EE /* Supporting Files */ = {
			isa = PBXGroup;
			children = (
				2B8C5E2117C890B000B9F2EE /* LBAudioDetectiveTests-Info.plist */,
				2B8C5E2217C890B000B9F2EE /* InfoPlist.strings */,
				2B8C5E2717C890B000B9F2EE /* LBAudioDetectiveTests-Prefix.pch */,
			);
			name = "Supporting Files";
			sourceTree = "<group>";
		};
		2BA183B317245839004CB1BC = {
			isa = PBXGroup;
			children = (
				2BA183C517245839004CB1BC /* LBAudioDetective */,
				2B8C5E1F17C890B000B9F2EE /* LBAudioDetectiveTests */,
				2BA183BE17245839004CB1BC /* Frameworks */,
				2BA183BD17245839004CB1BC /* Products */,
			);
			sourceTree = "<group>";
		};
		2BA183BD17245839004CB1BC /* Products */ = {
			isa = PBXGroup;
			children = (
				2BA183BC17245839004CB1BC /* LBAudioDetective.app */,
				2B8C5E1B17C890B000B9F2EE /* LBAudioDetectiveTests.xctest */,
			);
			name = Products;
			sourceTree = "<group>";
		};
		2BA183BE17245839004CB1BC /* Frameworks */ = {
			isa = PBXGroup;
			children = (
				2B7AFE1517D70FC000B8EAD9 /* CoreAudio.framework */,
				2B79D05917747D4F0060DE41 /* MobileCoreServices.framework */,
				2B494BDC172806A500FFB6FC /* Accelerate.framework */,
				2BA183EB1724631E004CB1BC /* AudioToolbox.framework */,
				2BA183ED17246329004CB1BC /* AudioUnit.framework */,
				2BBC2D011726C679004A0163 /* AVFoundation.framework */,
				2BA183C317245839004CB1BC /* CoreGraphics.framework */,
				2BA183C117245839004CB1BC /* Foundation.framework */,
				2BA183BF17245839004CB1BC /* UIKit.framework */,
				2B8C5E0517C8908900B9F2EE /* XCTest.framework */,
			);
			name = Frameworks;
			sourceTree = "<group>";
		};
		2BA183C517245839004CB1BC /* LBAudioDetective */ = {
			isa = PBXGroup;
			children = (
				2B8C5DFC17C88F3300B9F2EE /* Source Code */,
				2BA183C617245839004CB1BC /* Supporting Files */,
			);
			path = LBAudioDetective;
			sourceTree = "<group>";
		};
		2BA183C617245839004CB1BC /* Supporting Files */ = {
			isa = PBXGroup;
			children = (
				2B024DE817C8965C006F0355 /* Images.xcassets */,
				2B024DC017C89632006F0355 /* Birds */,
				2BA183C717245839004CB1BC /* LBAudioDetective-Info.plist */,
				2BA183C817245839004CB1BC /* InfoPlist.strings */,
				2BA183CB17245839004CB1BC /* main.m */,
				2BA183CD17245839004CB1BC /* LBAudioDetective-Prefix.pch */,
			);
			name = "Supporting Files";
			sourceTree = "<group>";
		};
		2BA183E51724585A004CB1BC /* Vendor */ = {
			isa = PBXGroup;
			children = (
				2BA183E21724584C004CB1BC /* LBAudioDetective.h */,
				2BA183E31724584C004CB1BC /* LBAudioDetective.mm */,
				2B3DFF4217CE620B00EC4032 /* LBAudioDetectiveFrame.h */,
				2B3DFF4317CE620B00EC4032 /* LBAudioDetectiveFrame.m */,
				2BAD519617D107DA002827FB /* LBAudioDetectiveFingerprint.h */,
				2BAD519717D107DA002827FB /* LBAudioDetectiveFingerprint.m */,
			);
			path = Vendor;
			sourceTree = "<group>";
		};
/* End PBXGroup section */

/* Begin PBXNativeTarget section */
		2B8C5E1A17C890B000B9F2EE /* LBAudioDetectiveTests */ = {
			isa = PBXNativeTarget;
			buildConfigurationList = 2B8C5E2A17C890B100B9F2EE /* Build configuration list for PBXNativeTarget "LBAudioDetectiveTests" */;
			buildPhases = (
				2B8C5E1717C890B000B9F2EE /* Sources */,
				2B8C5E1817C890B000B9F2EE /* Frameworks */,
				2B8C5E1917C890B000B9F2EE /* Resources */,
			);
			buildRules = (
			);
			dependencies = (
				2B8C5E2917C890B100B9F2EE /* PBXTargetDependency */,
			);
			name = LBAudioDetectiveTests;
			productName = LBAudioDetectiveTests;
			productReference = 2B8C5E1B17C890B000B9F2EE /* LBAudioDetectiveTests.xctest */;
			productType = "com.apple.product-type.bundle.unit-test";
		};
		2BA183BB17245839004CB1BC /* LBAudioDetective */ = {
			isa = PBXNativeTarget;
			buildConfigurationList = 2BA183DF17245839004CB1BC /* Build configuration list for PBXNativeTarget "LBAudioDetective" */;
			buildPhases = (
				2BA183B817245839004CB1BC /* Sources */,
				2BA183B917245839004CB1BC /* Frameworks */,
				2BA183BA17245839004CB1BC /* Resources */,
			);
			buildRules = (
			);
			dependencies = (
			);
			name = LBAudioDetective;
			productName = LBAudioDetective;
			productReference = 2BA183BC17245839004CB1BC /* LBAudioDetective.app */;
			productType = "com.apple.product-type.application";
		};
/* End PBXNativeTarget section */

/* Begin PBXProject section */
		2BA183B417245839004CB1BC /* Project object */ = {
			isa = PBXProject;
			attributes = {
				CLASSPREFIX = LB;
				LastUpgradeCheck = 0460;
				ORGANIZATIONNAME = "Laurin Brandner";
				TargetAttributes = {
					2B8C5E1A17C890B000B9F2EE = {
						TestTargetID = 2BA183BB17245839004CB1BC;
					};
				};
			};
			buildConfigurationList = 2BA183B717245839004CB1BC /* Build configuration list for PBXProject "LBAudioDetective" */;
			compatibilityVersion = "Xcode 3.2";
			developmentRegion = English;
			hasScannedForEncodings = 0;
			knownRegions = (
				en,
			);
			mainGroup = 2BA183B317245839004CB1BC;
			productRefGroup = 2BA183BD17245839004CB1BC /* Products */;
			projectDirPath = "";
			projectRoot = "";
			targets = (
				2BA183BB17245839004CB1BC /* LBAudioDetective */,
				2B8C5E1A17C890B000B9F2EE /* LBAudioDetectiveTests */,
			);
		};
/* End PBXProject section */

/* Begin PBXResourcesBuildPhase section */
		2B8C5E1917C890B000B9F2EE /* Resources */ = {
			isa = PBXResourcesBuildPhase;
			buildActionMask = 2147483647;
			files = (
				2BAD516E17D0BBAF002827FB /* Rabenkraehe_org.caf in Resources */,
				2BD4062A17E4B2AD0069625F /* Amsel.mp3 in Resources */,
				2B024DE017C89632006F0355 /* Buchfink.caf in Resources */,
				2B024DE617C89632006F0355 /* Rabenkraehe.caf in Resources */,
				2BAD516A17D0BBAF002827FB /* Blaumeise_org.caf in Resources */,
				2BAD516C17D0BBAF002827FB /* Haussperling_org.caf in Resources */,
				2B024DDE17C89632006F0355 /* Blaumeise.caf in Resources */,
				2BAD516D17D0BBAF002827FB /* Kohlmeise_org.caf in Resources */,
				2B024DDC17C89632006F0355 /* Amsel.caf in Resources */,
				2B024DE417C89632006F0355 /* Kohlmeise.caf in Resources */,
				2B024DE217C89632006F0355 /* Haussperling.caf in Resources */,
				2BAD516917D0BBAF002827FB /* Amsel_org.caf in Resources */,
				2B8C5E2417C890B000B9F2EE /* InfoPlist.strings in Resources */,
				2BAD516B17D0BBAF002827FB /* Buchfink_org.caf in Resources */,
			);
			runOnlyForDeploymentPostprocessing = 0;
		};
		2BA183BA17245839004CB1BC /* Resources */ = {
			isa = PBXResourcesBuildPhase;
			buildActionMask = 2147483647;
			files = (
				2B024DDD17C89632006F0355 /* Blaumeise.caf in Resources */,
				2BAD516417D0BBA4002827FB /* Blaumeise_org.caf in Resources */,
				2BAD516817D0BBA8002827FB /* Rabenkraehe_org.caf in Resources */,
				2BD4062917E4B2AD0069625F /* Amsel.mp3 in Resources */,
				2BAD516317D0BBA2002827FB /* Amsel_org.caf in Resources */,
				2BAD516517D0BBA8002827FB /* Buchfink_org.caf in Resources */,
				2BAD516717D0BBA8002827FB /* Kohlmeise_org.caf in Resources */,
				2BAD516617D0BBA8002827FB /* Haussperling_org.caf in Resources */,
				2BA183CA17245839004CB1BC /* InfoPlist.strings in Resources */,
				2B024DE317C89632006F0355 /* Kohlmeise.caf in Resources */,
				2B024DDF17C89632006F0355 /* Buchfink.caf in Resources */,
				2B024DE117C89632006F0355 /* Haussperling.caf in Resources */,
				2B024DE917C8965C006F0355 /* Images.xcassets in Resources */,
				2B024DDB17C89632006F0355 /* Amsel.caf in Resources */,
				2B024DE517C89632006F0355 /* Rabenkraehe.caf in Resources */,
			);
			runOnlyForDeploymentPostprocessing = 0;
		};
/* End PBXResourcesBuildPhase section */

/* Begin PBXSourcesBuildPhase section */
		2B8C5E1717C890B000B9F2EE /* Sources */ = {
			isa = PBXSourcesBuildPhase;
			buildActionMask = 2147483647;
			files = (
				2BAD519917D107DA002827FB /* LBAudioDetectiveFingerprint.m in Sources */,
				2B5A8DDF17E4B982004D5D08 /* LBAudioDetectiveFrame.m in Sources */,
				2B024DE717C89638006F0355 /* LBAudioDetective.mm in Sources */,
				2B8C5E2617C890B000B9F2EE /* LBAudioDetectiveTests.m in Sources */,
				2B62EA2517D7B1D00047A547 /* CARingBuffer.cpp in Sources */,
			);
			runOnlyForDeploymentPostprocessing = 0;
		};
		2BA183B817245839004CB1BC /* Sources */ = {
			isa = PBXSourcesBuildPhase;
			buildActionMask = 2147483647;
			files = (
				2B79D056177479E70060DE41 /* AFURLConnectionOperation.m in Sources */,
				2B79D058177479E70060DE41 /* UIImageView+AFNetworking.m in Sources */,
				2B79D052177479E70060DE41 /* AFImageRequestOperation.m in Sources */,
				2B79D051177479E70060DE41 /* AFHTTPRequestOperation.m in Sources */,
				2B3DFF4417CE620B00EC4032 /* LBAudioDetectiveFrame.m in Sources */,
				2B79D050177479E70060DE41 /* AFHTTPClient.m in Sources */,
				2B79D057177479E70060DE41 /* AFXMLRequestOperation.m in Sources */,
				2BA183CC17245839004CB1BC /* main.m in Sources */,
				2BA183D017245839004CB1BC /* LBAppDelegate.m in Sources */,
				2BA183D917245839004CB1BC /* LBTableViewController.m in Sources */,
				2B79D053177479E70060DE41 /* AFJSONRequestOperation.m in Sources */,
				2BA183E41724584C004CB1BC /* LBAudioDetective.mm in Sources */,
				2BAD519817D107DA002827FB /* LBAudioDetectiveFingerprint.m in Sources */,
				2B79D055177479E70060DE41 /* AFPropertyListRequestOperation.m in Sources */,
				2B79D054177479E70060DE41 /* AFNetworkActivityIndicatorManager.m in Sources */,
				2B62EA2417D7B1D00047A547 /* CARingBuffer.cpp in Sources */,
			);
			runOnlyForDeploymentPostprocessing = 0;
		};
/* End PBXSourcesBuildPhase section */

/* Begin PBXTargetDependency section */
		2B8C5E2917C890B100B9F2EE /* PBXTargetDependency */ = {
			isa = PBXTargetDependency;
			target = 2BA183BB17245839004CB1BC /* LBAudioDetective */;
			targetProxy = 2B8C5E2817C890B100B9F2EE /* PBXContainerItemProxy */;
		};
/* End PBXTargetDependency section */

/* Begin PBXVariantGroup section */
		2B8C5E2217C890B000B9F2EE /* InfoPlist.strings */ = {
			isa = PBXVariantGroup;
			children = (
				2B8C5E2317C890B000B9F2EE /* en */,
			);
			name = InfoPlist.strings;
			sourceTree = "<group>";
		};
		2BA183C817245839004CB1BC /* InfoPlist.strings */ = {
			isa = PBXVariantGroup;
			children = (
				2BA183C917245839004CB1BC /* en */,
			);
			name = InfoPlist.strings;
			sourceTree = "<group>";
		};
/* End PBXVariantGroup section */

/* Begin XCBuildConfiguration section */
		2B8C5E2B17C890B100B9F2EE /* Debug */ = {
			isa = XCBuildConfiguration;
			buildSettings = {
				BUNDLE_LOADER = "$(BUILT_PRODUCTS_DIR)/LBAudioDetective.app/LBAudioDetective";
				CLANG_ENABLE_MODULES = YES;
				CLANG_WARN_BOOL_CONVERSION = YES;
				CLANG_WARN_DIRECT_OBJC_ISA_USAGE = YES_ERROR;
				CLANG_WARN_OBJC_ROOT_CLASS = YES_ERROR;
				FRAMEWORK_SEARCH_PATHS = (
					"$(SDKROOT)/Developer/Library/Frameworks",
					"$(inherited)",
					"$(DEVELOPER_FRAMEWORKS_DIR)",
				);
				GCC_PRECOMPILE_PREFIX_HEADER = YES;
				GCC_PREFIX_HEADER = "LBAudioDetectiveTests/LBAudioDetectiveTests-Prefix.pch";
				GCC_PREPROCESSOR_DEFINITIONS = (
					"DEBUG=1",
					"$(inherited)",
				);
				GCC_WARN_ABOUT_RETURN_TYPE = YES_ERROR;
				GCC_WARN_UNDECLARED_SELECTOR = YES;
				GCC_WARN_UNUSED_FUNCTION = YES;
				INFOPLIST_FILE = "LBAudioDetectiveTests/LBAudioDetectiveTests-Info.plist";
				IPHONEOS_DEPLOYMENT_TARGET = 7.0;
				PRODUCT_NAME = "$(TARGET_NAME)";
				TEST_HOST = "$(BUNDLE_LOADER)";
				WRAPPER_EXTENSION = xctest;
			};
			name = Debug;
		};
		2B8C5E2C17C890B100B9F2EE /* Release */ = {
			isa = XCBuildConfiguration;
			buildSettings = {
				BUNDLE_LOADER = "$(BUILT_PRODUCTS_DIR)/LBAudioDetective.app/LBAudioDetective";
				CLANG_ENABLE_MODULES = YES;
				CLANG_WARN_BOOL_CONVERSION = YES;
				CLANG_WARN_DIRECT_OBJC_ISA_USAGE = YES_ERROR;
				CLANG_WARN_OBJC_ROOT_CLASS = YES_ERROR;
				ENABLE_NS_ASSERTIONS = NO;
				FRAMEWORK_SEARCH_PATHS = (
					"$(SDKROOT)/Developer/Library/Frameworks",
					"$(inherited)",
					"$(DEVELOPER_FRAMEWORKS_DIR)",
				);
				GCC_PRECOMPILE_PREFIX_HEADER = YES;
				GCC_PREFIX_HEADER = "LBAudioDetectiveTests/LBAudioDetectiveTests-Prefix.pch";
				GCC_WARN_ABOUT_RETURN_TYPE = YES_ERROR;
				GCC_WARN_UNDECLARED_SELECTOR = YES;
				GCC_WARN_UNUSED_FUNCTION = YES;
				INFOPLIST_FILE = "LBAudioDetectiveTests/LBAudioDetectiveTests-Info.plist";
				IPHONEOS_DEPLOYMENT_TARGET = 7.0;
				PRODUCT_NAME = "$(TARGET_NAME)";
				TEST_HOST = "$(BUNDLE_LOADER)";
				WRAPPER_EXTENSION = xctest;
			};
			name = Release;
		};
		2BA183DD17245839004CB1BC /* Debug */ = {
			isa = XCBuildConfiguration;
			buildSettings = {
				ALWAYS_SEARCH_USER_PATHS = NO;
				CLANG_CXX_LANGUAGE_STANDARD = "gnu++0x";
				CLANG_CXX_LIBRARY = "libc++";
				CLANG_ENABLE_OBJC_ARC = YES;
				CLANG_WARN_CONSTANT_CONVERSION = YES;
				CLANG_WARN_EMPTY_BODY = YES;
				CLANG_WARN_ENUM_CONVERSION = YES;
				CLANG_WARN_INT_CONVERSION = YES;
				CLANG_WARN__DUPLICATE_METHOD_MATCH = YES;
				"CODE_SIGN_IDENTITY[sdk=iphoneos*]" = "iPhone Developer";
				COPY_PHASE_STRIP = NO;
				GCC_C_LANGUAGE_STANDARD = gnu99;
				GCC_DYNAMIC_NO_PIC = NO;
				GCC_OPTIMIZATION_LEVEL = 0;
				GCC_PREPROCESSOR_DEFINITIONS = (
					"DEBUG=1",
					"$(inherited)",
				);
				GCC_SYMBOLS_PRIVATE_EXTERN = NO;
				GCC_WARN_ABOUT_RETURN_TYPE = YES;
				GCC_WARN_UNINITIALIZED_AUTOS = YES;
				GCC_WARN_UNUSED_VARIABLE = YES;
				IPHONEOS_DEPLOYMENT_TARGET = 6.1;
				ONLY_ACTIVE_ARCH = YES;
				SDKROOT = iphoneos;
			};
			name = Debug;
		};
		2BA183DE17245839004CB1BC /* Release */ = {
			isa = XCBuildConfiguration;
			buildSettings = {
				ALWAYS_SEARCH_USER_PATHS = NO;
				CLANG_CXX_LANGUAGE_STANDARD = "gnu++0x";
				CLANG_CXX_LIBRARY = "libc++";
				CLANG_ENABLE_OBJC_ARC = YES;
				CLANG_WARN_CONSTANT_CONVERSION = YES;
				CLANG_WARN_EMPTY_BODY = YES;
				CLANG_WARN_ENUM_CONVERSION = YES;
				CLANG_WARN_INT_CONVERSION = YES;
				CLANG_WARN__DUPLICATE_METHOD_MATCH = YES;
				"CODE_SIGN_IDENTITY[sdk=iphoneos*]" = "iPhone Developer";
				COPY_PHASE_STRIP = YES;
				GCC_C_LANGUAGE_STANDARD = gnu99;
				GCC_WARN_ABOUT_RETURN_TYPE = YES;
				GCC_WARN_UNINITIALIZED_AUTOS = YES;
				GCC_WARN_UNUSED_VARIABLE = YES;
				IPHONEOS_DEPLOYMENT_TARGET = 6.1;
				OTHER_CFLAGS = "-DNS_BLOCK_ASSERTIONS=1";
				SDKROOT = iphoneos;
				VALIDATE_PRODUCT = YES;
			};
			name = Release;
		};
		2BA183E017245839004CB1BC /* Debug */ = {
			isa = XCBuildConfiguration;
			buildSettings = {
				GCC_PRECOMPILE_PREFIX_HEADER = YES;
				GCC_PREFIX_HEADER = "LBAudioDetective/LBAudioDetective-Prefix.pch";
				INFOPLIST_FILE = "LBAudioDetective/LBAudioDetective-Info.plist";
				IPHONEOS_DEPLOYMENT_TARGET = 6.1;
				PRODUCT_NAME = "$(TARGET_NAME)";
				TARGETED_DEVICE_FAMILY = "1,2";
				WRAPPER_EXTENSION = app;
			};
			name = Debug;
		};
		2BA183E117245839004CB1BC /* Release */ = {
			isa = XCBuildConfiguration;
			buildSettings = {
				GCC_PRECOMPILE_PREFIX_HEADER = YES;
				GCC_PREFIX_HEADER = "LBAudioDetective/LBAudioDetective-Prefix.pch";
				INFOPLIST_FILE = "LBAudioDetective/LBAudioDetective-Info.plist";
				IPHONEOS_DEPLOYMENT_TARGET = 6.1;
				PRODUCT_NAME = "$(TARGET_NAME)";
				TARGETED_DEVICE_FAMILY = "1,2";
				WRAPPER_EXTENSION = app;
			};
			name = Release;
		};
/* End XCBuildConfiguration section */

/* Begin XCConfigurationList section */
		2B8C5E2A17C890B100B9F2EE /* Build configuration list for PBXNativeTarget "LBAudioDetectiveTests" */ = {
			isa = XCConfigurationList;
			buildConfigurations = (
				2B8C5E2B17C890B100B9F2EE /* Debug */,
				2B8C5E2C17C890B100B9F2EE /* Release */,
			);
			defaultConfigurationIsVisible = 0;
			defaultConfigurationName = Release;
		};
		2BA183B717245839004CB1BC /* Build configuration list for PBXProject "LBAudioDetective" */ = {
			isa = XCConfigurationList;
			buildConfigurations = (
				2BA183DD17245839004CB1BC /* Debug */,
				2BA183DE17245839004CB1BC /* Release */,
			);
			defaultConfigurationIsVisible = 0;
			defaultConfigurationName = Release;
		};
		2BA183DF17245839004CB1BC /* Build configuration list for PBXNativeTarget "LBAudioDetective" */ = {
			isa = XCConfigurationList;
			buildConfigurations = (
				2BA183E017245839004CB1BC /* Debug */,
				2BA183E117245839004CB1BC /* Release */,
			);
			defaultConfigurationIsVisible = 0;
			defaultConfigurationName = Release;
		};
/* End XCConfigurationList section */
	};
	rootObject = 2BA183B417245839004CB1BC /* Project object */;
}
